# THIS IS AN AUTOGENERATED FILE. DO NOT EDIT THIS FILE DIRECTLY.
# yarn lockfile v1


"@types/accepts@*":
  version "1.3.5"
  resolved "https://registry.yarnpkg.com/@types/accepts/-/accepts-1.3.5.tgz#c34bec115cfc746e04fe5a059df4ce7e7b391575"
  integrity sha512-jOdnI/3qTpHABjM5cx1Hc0sKsPoYCp+DP/GJRGtDlPd7fiV9oXGGIcjW/ZOxLIvjGz8MA+uMZI9metHlgqbgwQ==
  dependencies:
    "@types/node" "*"

"@types/body-parser@*":
  version "1.19.2"
  resolved "https://registry.yarnpkg.com/@types/body-parser/-/body-parser-1.19.2.tgz#aea2059e28b7658639081347ac4fab3de166e6f0"
  integrity sha512-ALYone6pm6QmwZoAgeyNksccT9Q4AWZQ6PvfwR37GT6r6FWUPguq6sUmNGSMV2Wr761oQoBxwGGa6DR5o1DC9g==
  dependencies:
    "@types/connect" "*"
    "@types/node" "*"

"@types/connect@*":
  version "3.4.35"
  resolved "https://registry.yarnpkg.com/@types/connect/-/connect-3.4.35.tgz#5fcf6ae445e4021d1fc2219a4873cc73a3bb2ad1"
  integrity sha512-cdeYyv4KWoEgpBISTxWvqYsVy444DOqehiF3fM3ne10AmJ62RSyNkUnxMJXHQWRQQX2eR94m5y1IZyDwBjV9FQ==
  dependencies:
    "@types/node" "*"

"@types/content-disposition@*":
  version "0.5.5"
  resolved "https://registry.yarnpkg.com/@types/content-disposition/-/content-disposition-0.5.5.tgz#650820e95de346e1f84e30667d168c8fd25aa6e3"
  integrity sha512-v6LCdKfK6BwcqMo+wYW05rLS12S0ZO0Fl4w1h4aaZMD7bqT3gVUns6FvLJKGZHQmYn3SX55JWGpziwJRwVgutA==

"@types/cookies@*":
  version "0.7.7"
  resolved "https://registry.yarnpkg.com/@types/cookies/-/cookies-0.7.7.tgz#7a92453d1d16389c05a5301eef566f34946cfd81"
  integrity sha512-h7BcvPUogWbKCzBR2lY4oqaZbO3jXZksexYJVFvkrFeLgbZjQkU4x8pRq6eg2MHXQhY0McQdqmmsxRWlVAHooA==
  dependencies:
    "@types/connect" "*"
    "@types/express" "*"
    "@types/keygrip" "*"
    "@types/node" "*"

"@types/debug@*":
  version "4.1.7"
  resolved "https://registry.yarnpkg.com/@types/debug/-/debug-4.1.7.tgz#7cc0ea761509124709b8b2d1090d8f6c17aadb82"
  integrity sha512-9AonUzyTjXXhEOa0DnqpzZi6VHlqKMswga9EXjpXnnqxwLtdvPPtlO8evrI5D9S6asFRCQ6v+wpiUKbw+vKqyg==
  dependencies:
    "@types/ms" "*"

"@types/express-serve-static-core@^4.17.18":
  version "4.17.29"
  resolved "https://registry.yarnpkg.com/@types/express-serve-static-core/-/express-serve-static-core-4.17.29.tgz#2a1795ea8e9e9c91b4a4bbe475034b20c1ec711c"
  integrity sha512-uMd++6dMKS32EOuw1Uli3e3BPgdLIXmezcfHv7N4c1s3gkhikBplORPpMq3fuWkxncZN1reb16d5n8yhQ80x7Q==
  dependencies:
    "@types/node" "*"
    "@types/qs" "*"
    "@types/range-parser" "*"

"@types/express@*":
  version "4.17.13"
  resolved "https://registry.yarnpkg.com/@types/express/-/express-4.17.13.tgz#a76e2995728999bab51a33fabce1d705a3709034"
  integrity sha512-6bSZTPaTIACxn48l50SR+axgrqm6qXFIxrdAKaG6PaJk3+zuUr35hBlgT7vOmJcum+OEaIBLtHV/qloEAFITeA==
  dependencies:
    "@types/body-parser" "*"
    "@types/express-serve-static-core" "^4.17.18"
    "@types/qs" "*"
    "@types/serve-static" "*"

"@types/http-assert@*":
  version "1.5.3"
  resolved "https://registry.yarnpkg.com/@types/http-assert/-/http-assert-1.5.3.tgz#ef8e3d1a8d46c387f04ab0f2e8ab8cb0c5078661"
  integrity sha512-FyAOrDuQmBi8/or3ns4rwPno7/9tJTijVW6aQQjK02+kOQ8zmoNg2XJtAuQhvQcy1ASJq38wirX5//9J1EqoUA==

"@types/http-errors@*":
  version "1.8.2"
  resolved "https://registry.yarnpkg.com/@types/http-errors/-/http-errors-1.8.2.tgz#7315b4c4c54f82d13fa61c228ec5c2ea5cc9e0e1"
  integrity sha512-EqX+YQxINb+MeXaIqYDASb6U6FCHbWjkj4a1CKDBks3d/QiB2+PqBLyO72vLDgAO1wUI4O+9gweRcQK11bTL/w==

"@types/keygrip@*":
  version "1.0.2"
  resolved "https://registry.yarnpkg.com/@types/keygrip/-/keygrip-1.0.2.tgz#513abfd256d7ad0bf1ee1873606317b33b1b2a72"
  integrity sha512-GJhpTepz2udxGexqos8wgaBx4I/zWIDPh/KOGEwAqtuGDkOUJu5eFvwmdBX4AmB8Odsr+9pHCQqiAqDL/yKMKw==

"@types/koa-compose@*":
  version "3.2.5"
  resolved "https://registry.yarnpkg.com/@types/koa-compose/-/koa-compose-3.2.5.tgz#85eb2e80ac50be95f37ccf8c407c09bbe3468e9d"
  integrity sha512-B8nG/OoE1ORZqCkBVsup/AKcvjdgoHnfi4pZMn5UwAPCbhk/96xyv284eBYW8JlQbQ7zDmnpFr68I/40mFoIBQ==
  dependencies:
    "@types/koa" "*"

"@types/koa@*":
  version "2.13.5"
  resolved "https://registry.yarnpkg.com/@types/koa/-/koa-2.13.5.tgz#64b3ca4d54e08c0062e89ec666c9f45443b21a61"
  integrity sha512-HSUOdzKz3by4fnqagwthW/1w/yJspTgppyyalPVbgZf8jQWvdIXcVW5h2DGtw4zYntOaeRGx49r1hxoPWrD4aA==
  dependencies:
    "@types/accepts" "*"
    "@types/content-disposition" "*"
    "@types/cookies" "*"
    "@types/http-assert" "*"
    "@types/http-errors" "*"
    "@types/keygrip" "*"
    "@types/koa-compose" "*"
    "@types/node" "*"

"@types/koa@2.13.4":
  version "2.13.4"
  resolved "https://registry.yarnpkg.com/@types/koa/-/koa-2.13.4.tgz#10620b3f24a8027ef5cbae88b393d1b31205726b"
  integrity sha512-dfHYMfU+z/vKtQB7NUrthdAEiSvnLebvBjwHtfFmpZmB7em2N3WVQdHgnFq+xvyVgxW5jKDmjWfLD3lw4g4uTw==
  dependencies:
    "@types/accepts" "*"
    "@types/content-disposition" "*"
    "@types/cookies" "*"
    "@types/http-assert" "*"
    "@types/http-errors" "*"
    "@types/keygrip" "*"
    "@types/koa-compose" "*"
    "@types/node" "*"

"@types/mime@^1":
  version "1.3.2"
  resolved "https://registry.yarnpkg.com/@types/mime/-/mime-1.3.2.tgz#93e25bf9ee75fe0fd80b594bc4feb0e862111b5a"
  integrity sha512-YATxVxgRqNH6nHEIsvg6k2Boc1JHI9ZbH5iWFFv/MTkchz3b1ieGDa5T0a9RznNdI0KhVbdbWSN+KWWrQZRxTw==

"@types/ms@*":
  version "0.7.31"
  resolved "https://registry.yarnpkg.com/@types/ms/-/ms-0.7.31.tgz#31b7ca6407128a3d2bbc27fe2d21b345397f6197"
  integrity sha512-iiUgKzV9AuaEkZqkOLDIvlQiL6ltuZd9tGcW3gwpnX8JbuiuhFlEGmmFXEXkN50Cvq7Os88IY2v0dkDqXYWVgA==

"@types/node@*":
  version "18.0.6"
  resolved "https://registry.yarnpkg.com/@types/node/-/node-18.0.6.tgz#0ba49ac517ad69abe7a1508bc9b3a5483df9d5d7"
  integrity sha512-/xUq6H2aQm261exT6iZTMifUySEt4GR5KX8eYyY+C4MSNPqSh9oNIP7tz2GLKTlFaiBbgZNxffoR3CVRG+cljw==

"@types/node@14.18.20":
  version "14.18.20"
  resolved "https://registry.yarnpkg.com/@types/node/-/node-14.18.20.tgz#268f028b36eaf51181c3300252f605488c4f0650"
  integrity sha512-Q8KKwm9YqEmUBRsqJ2GWJDtXltBDxTdC4m5vTdXBolu2PeQh8LX+f6BTwU+OuXPu37fLxoN6gidqBmnky36FXA==

"@types/pouchdb-adapter-cordova-sqlite@*":
  version "1.0.1"
  resolved "https://registry.yarnpkg.com/@types/pouchdb-adapter-cordova-sqlite/-/pouchdb-adapter-cordova-sqlite-1.0.1.tgz#49e5ee6df7cc0c23196fcb340f43a560e74eb1d6"
  integrity sha512-nqlXpW1ho3KBg1mUQvZgH2755y3z/rw4UA7ZJCPMRTHofxGMY8izRVw5rHBL4/7P615or0J2udpRYxgkT3D02g==
  dependencies:
    "@types/pouchdb-core" "*"

"@types/pouchdb-adapter-fruitdown@*":
  version "6.1.3"
  resolved "https://registry.yarnpkg.com/@types/pouchdb-adapter-fruitdown/-/pouchdb-adapter-fruitdown-6.1.3.tgz#9b140ad9645cc56068728acf08ec19ac0046658e"
  integrity sha512-Wz1Z1JLOW1hgmFQjqnSkmyyfH7by/iWb4abKn684WMvQfmxx6BxKJpJ4+eulkVPQzzgMMSgU1MpnQOm9FgRkbw==
  dependencies:
    "@types/pouchdb-core" "*"

"@types/pouchdb-adapter-http@*":
  version "6.1.3"
  resolved "https://registry.yarnpkg.com/@types/pouchdb-adapter-http/-/pouchdb-adapter-http-6.1.3.tgz#6e592d5f48deb6274a21ddac1498dd308096bcf3"
  integrity sha512-9Z4TLbF/KJWy/D2sWRPBA+RNU0odQimfdvlDX+EY7rGcd3aVoH8qjD/X0Xcd/0dfBH5pKrNIMFFQgW/TylRCmA==
  dependencies:
    "@types/pouchdb-core" "*"

"@types/pouchdb-adapter-idb@*":
  version "6.1.4"
  resolved "https://registry.yarnpkg.com/@types/pouchdb-adapter-idb/-/pouchdb-adapter-idb-6.1.4.tgz#cb9a18864585d600820cd325f007614c5c3989cd"
  integrity sha512-KIAXbkF4uYUz0ZwfNEFLtEkK44mEWopAsD76UhucH92XnJloBysav+TjI4FFfYQyTjoW3S1s6V+Z14CUJZ0F6w==
  dependencies:
    "@types/pouchdb-core" "*"

"@types/pouchdb-adapter-leveldb@*":
  version "6.1.3"
  resolved "https://registry.yarnpkg.com/@types/pouchdb-adapter-leveldb/-/pouchdb-adapter-leveldb-6.1.3.tgz#17c7e75d75b992050bca15991e97fba575c61bb3"
  integrity sha512-ex8NFqQGFwEpFi7AaZ5YofmuemfZNsL3nTFZBUCAKYMBkazQij1pe2ILLStSvJr0XS0qxgXjCEW19T5Wqiiskg==
  dependencies:
    "@types/pouchdb-core" "*"

"@types/pouchdb-adapter-localstorage@*":
  version "6.1.3"
  resolved "https://registry.yarnpkg.com/@types/pouchdb-adapter-localstorage/-/pouchdb-adapter-localstorage-6.1.3.tgz#0dde02ba6b9d6073a295a20196563942ba9a54bd"
  integrity sha512-oor040tye1KKiGLWYtIy7rRT7C2yoyX3Tf6elEJRpjOA7Ja/H8lKc4LaSh9ATbptIcES6MRqZDxtp7ly9hsW3Q==
  dependencies:
    "@types/pouchdb-core" "*"

"@types/pouchdb-adapter-memory@*":
  version "6.1.3"
  resolved "https://registry.yarnpkg.com/@types/pouchdb-adapter-memory/-/pouchdb-adapter-memory-6.1.3.tgz#9eabdbc890fcf58960ee8b68b8685f837e75c844"
  integrity sha512-gVbsIMzDzgZYThFVT4eVNsmuZwVm/4jDxP1sjlgc3qtDIxbtBhGgyNfcskwwz9Zu5Lv1avkDsIWvcxQhnvRlHg==
  dependencies:
    "@types/pouchdb-core" "*"

"@types/pouchdb-adapter-node-websql@*":
  version "6.1.3"
  resolved "https://registry.yarnpkg.com/@types/pouchdb-adapter-node-websql/-/pouchdb-adapter-node-websql-6.1.3.tgz#aa18bc68af8cf509acd12c400010dcd5fab2243d"
  integrity sha512-F/P+os6Jsa7CgHtH64+Z0HfwIcj0hIRB5z8gNhF7L7dxPWoAfkopK5H2gydrP3sQrlGyN4WInF+UJW/Zu1+FKg==
  dependencies:
    "@types/pouchdb-adapter-websql" "*"
    "@types/pouchdb-core" "*"

"@types/pouchdb-adapter-websql@*":
  version "6.1.4"
  resolved "https://registry.yarnpkg.com/@types/pouchdb-adapter-websql/-/pouchdb-adapter-websql-6.1.4.tgz#359fbe42ccac0ac90b492ddb8c32fafd0aa96d79"
  integrity sha512-zMJQCtXC40hBsIDRn0GhmpeGMK0f9l/OGWfLguvczROzxxcOD7REI+e6SEmX7gJKw5JuMvlfuHzkQwjmvSJbtg==
  dependencies:
    "@types/pouchdb-core" "*"

"@types/pouchdb-browser@*":
  version "6.1.3"
  resolved "https://registry.yarnpkg.com/@types/pouchdb-browser/-/pouchdb-browser-6.1.3.tgz#8f33d6ef58d6817d1f6d36979148a1c7f63244d8"
  integrity sha512-EdYowrWxW9SWBMX/rux2eq7dbHi5Zeyzz+FF/IAsgQKnUxgeCO5VO2j4zTzos0SDyJvAQU+EYRc11r7xGn5tvA==
  dependencies:
    "@types/pouchdb-adapter-http" "*"
    "@types/pouchdb-adapter-idb" "*"
    "@types/pouchdb-adapter-websql" "*"
    "@types/pouchdb-core" "*"
    "@types/pouchdb-mapreduce" "*"
    "@types/pouchdb-replication" "*"

"@types/pouchdb-core@*":
  version "7.0.10"
  resolved "https://registry.yarnpkg.com/@types/pouchdb-core/-/pouchdb-core-7.0.10.tgz#d1ea1549e7fad6cb579f71459b1bc27252e06a5a"
  integrity sha512-mKhjLlWWXyV3PTTjDhzDV1kc2dolO7VYFa75IoKM/hr8Er9eo8RIbS7mJLfC8r/C3p6ihZu9yZs1PWC1LQ0SOA==
  dependencies:
    "@types/debug" "*"
    "@types/pouchdb-find" "*"

"@types/pouchdb-find@*":
  version "7.3.0"
  resolved "https://registry.yarnpkg.com/@types/pouchdb-find/-/pouchdb-find-7.3.0.tgz#b917030e9f4bf6e56bf8c3b9fe4b2a25e989009a"
  integrity sha512-sFPli5tBjGX9UfXioik1jUzPdcN84eV82n0lmEFuoPepWqkLjQcyri0eOa++HYOaNPyMDhKFBqEALEZivK2dRg==
  dependencies:
    "@types/pouchdb-core" "*"

"@types/pouchdb-http@*":
  version "6.1.3"
  resolved "https://registry.yarnpkg.com/@types/pouchdb-http/-/pouchdb-http-6.1.3.tgz#09576c0d409da1f8dee34ec5b768415e2472ea52"
  integrity sha512-0e9E5SqNOyPl/3FnEIbENssB4FlJsNYuOy131nxrZk36S+y1R/6qO7ZVRypWpGTqBWSuVd7gCsq2UDwO/285+w==
  dependencies:
    "@types/pouchdb-adapter-http" "*"
    "@types/pouchdb-core" "*"

"@types/pouchdb-mapreduce@*":
  version "6.1.7"
  resolved "https://registry.yarnpkg.com/@types/pouchdb-mapreduce/-/pouchdb-mapreduce-6.1.7.tgz#9ab32d1e0f234f1bf6d1e4c5d7e216e9e23ac0a3"
  integrity sha512-WzBwm7tmO9QhfRzVaWT4v6JQSS/fG2OoUDrWrhX87rPe2Pn6laPvdK5li6myNRxCoI/l5e8Jd+oYBAFnaiFucA==
  dependencies:
    "@types/pouchdb-core" "*"

"@types/pouchdb-node@*":
  version "6.1.4"
  resolved "https://registry.yarnpkg.com/@types/pouchdb-node/-/pouchdb-node-6.1.4.tgz#5214c0169fcfd2237d373380bbd65a934feb5dfb"
  integrity sha512-wnTCH8X1JOPpNOfVhz8HW0AvmdHh6pt40MuRj0jQnK7QEHsHS79WujsKTKSOF8QXtPwpvCNSsI7ut7H7tfxxJQ==
  dependencies:
    "@types/pouchdb-adapter-http" "*"
    "@types/pouchdb-adapter-leveldb" "*"
    "@types/pouchdb-core" "*"
    "@types/pouchdb-mapreduce" "*"
    "@types/pouchdb-replication" "*"

"@types/pouchdb-replication@*":
  version "6.4.4"
  resolved "https://registry.yarnpkg.com/@types/pouchdb-replication/-/pouchdb-replication-6.4.4.tgz#743406c90f13a988fa3e346ea74ce40acd170d00"
  integrity sha512-BsE5LKpjJK4iAf6Fx5kyrMw+33V+Ip7uWldUnU2BYrrvtR+MLD22dcImm7DZN1st2wPPb91i0XEnQzvP0w1C/Q==
  dependencies:
    "@types/pouchdb-core" "*"
    "@types/pouchdb-find" "*"

"@types/pouchdb@6.4.0":
  version "6.4.0"
  resolved "https://registry.yarnpkg.com/@types/pouchdb/-/pouchdb-6.4.0.tgz#f9c41ca64b23029f9bf2eb4bf6956e6431cb79f8"
  integrity sha512-eGCpX+NXhd5VLJuJMzwe3L79fa9+IDTrAG3CPaf4s/31PD56hOrhDJTSmRELSXuiqXr6+OHzzP0PldSaWsFt7w==
  dependencies:
    "@types/pouchdb-adapter-cordova-sqlite" "*"
    "@types/pouchdb-adapter-fruitdown" "*"
    "@types/pouchdb-adapter-http" "*"
    "@types/pouchdb-adapter-idb" "*"
    "@types/pouchdb-adapter-leveldb" "*"
    "@types/pouchdb-adapter-localstorage" "*"
    "@types/pouchdb-adapter-memory" "*"
    "@types/pouchdb-adapter-node-websql" "*"
    "@types/pouchdb-adapter-websql" "*"
    "@types/pouchdb-browser" "*"
    "@types/pouchdb-core" "*"
    "@types/pouchdb-http" "*"
    "@types/pouchdb-mapreduce" "*"
    "@types/pouchdb-node" "*"
    "@types/pouchdb-replication" "*"

"@types/qs@*":
  version "6.9.7"
  resolved "https://registry.yarnpkg.com/@types/qs/-/qs-6.9.7.tgz#63bb7d067db107cc1e457c303bc25d511febf6cb"
  integrity sha512-FGa1F62FT09qcrueBA6qYTrJPVDzah9a+493+o2PCXsesWHIn27G98TsSMs3WPNbZIEj4+VJf6saSFpvD+3Zsw==

"@types/range-parser@*":
  version "1.2.4"
  resolved "https://registry.yarnpkg.com/@types/range-parser/-/range-parser-1.2.4.tgz#cd667bcfdd025213aafb7ca5915a932590acdcdc"
  integrity sha512-EEhsLsD6UsDM1yFhAvy0Cjr6VwmpMWqFBCb9w07wVugF7w9nfajxLuVmngTIpgS6svCnm6Vaw+MZhoDCKnOfsw==

"@types/serve-static@*":
  version "1.13.10"
  resolved "https://registry.yarnpkg.com/@types/serve-static/-/serve-static-1.13.10.tgz#f5e0ce8797d2d7cc5ebeda48a52c96c4fa47a8d9"
  integrity sha512-nCkHGI4w7ZgAdNkrEu0bv+4xNV/XDqW+DydknebMOQwkpDGx8G+HTlj7R7ABI8i8nKxVw0wtKPi1D+lPOkh4YQ==
  dependencies:
    "@types/mime" "^1"
    "@types/node" "*"

balanced-match@^1.0.0:
  version "1.0.2"
  resolved "https://registry.yarnpkg.com/balanced-match/-/balanced-match-1.0.2.tgz#e83e3a7e3f300b34cb9d87f615fa0cbf357690ee"
  integrity sha512-3oSeUO0TMV67hN1AmbXsK4yaqU7tjiHlbxRDZOpH0KW9+CeX4bRAaX0Anxt0tx2MrpRpWwQaPwIlISEJhYU5Pw==

brace-expansion@^1.1.7:
  version "1.1.11"
  resolved "https://registry.yarnpkg.com/brace-expansion/-/brace-expansion-1.1.11.tgz#3c7fcbf529d87226f3d2f52b966ff5271eb441dd"
  integrity sha512-iCuPHDFgrHX7H2vEI/5xpz07zSHB00TpugqhmYtVmMO6518mCuRMoOYFldEBl0g187ufozdaHgWKcYFb61qGiA==
  dependencies:
    balanced-match "^1.0.0"
    concat-map "0.0.1"

concat-map@0.0.1:
  version "0.0.1"
  resolved "https://registry.yarnpkg.com/concat-map/-/concat-map-0.0.1.tgz#d8a96bd77fd68df7793a73036a3ba0d5405d477b"
  integrity sha512-/Srv4dswyQNBfohGpz9o6Yb3Gz3SrUDqBH5rTuhGR7ahtlbYKnVxw2bCFMRljaA7EXHaXZ8wsHdodFvbkhKmqg==

fs.realpath@^1.0.0:
  version "1.0.0"
  resolved "https://registry.yarnpkg.com/fs.realpath/-/fs.realpath-1.0.0.tgz#1504ad2523158caa40db4a2787cb01411994ea4f"
  integrity sha512-OO0pH2lK6a0hZnAdau5ItzHPI6pUlvI7jMVnxUQRtw4owF2wk8lOSabtGDCTP4Ggrg2MbGnWO9X8K1t4+fGMDw==

glob@^7.1.3:
  version "7.2.3"
  resolved "https://registry.yarnpkg.com/glob/-/glob-7.2.3.tgz#b8df0fb802bbfa8e89bd1d938b4e16578ed44f2b"
  integrity sha512-nFR0zLpU2YCaRxwoCJvL6UvCH2JFyFVIvwTLsIf21AuHlMskA1hhTdk+LlYJtOlYt9v6dvszD2BGRqBL+iQK9Q==
  dependencies:
    fs.realpath "^1.0.0"
    inflight "^1.0.4"
    inherits "2"
    minimatch "^3.1.1"
    once "^1.3.0"
    path-is-absolute "^1.0.0"

inflight@^1.0.4:
  version "1.0.6"
  resolved "https://registry.yarnpkg.com/inflight/-/inflight-1.0.6.tgz#49bd6331d7d02d0c09bc910a1075ba8165b56df9"
  integrity sha512-k92I/b08q4wvFscXCLvqfsHCrjrF7yiXsQuIVvVE7N82W3+aqpzuUdBbfhWcy/FZR3/4IgflMgKLOsvPDrGCJA==
  dependencies:
    once "^1.3.0"
    wrappy "1"

inherits@2:
  version "2.0.4"
  resolved "https://registry.yarnpkg.com/inherits/-/inherits-2.0.4.tgz#0fa2c64f932917c3433a0ded55363aae37416b7c"
  integrity sha512-k/vGaX4/Yla3WzyMCvTQOXYeIHvqOKtnqBduzTHpzpQZzAskKMhZ2K+EnBiSM9zGSoIFeMpXKxa4dYeZIQqewQ==

minimatch@^3.1.1:
  version "3.1.2"
  resolved "https://registry.yarnpkg.com/minimatch/-/minimatch-3.1.2.tgz#19cd194bfd3e428f049a70817c038d89ab4be35b"
  integrity sha512-J7p63hRiAjw1NDEww1W7i37+ByIrOWO5XQQAzZ3VOcL0PNybwpfmV/N05zFAzwQ9USyEcX6t3UO+K5aqBQOIHw==
  dependencies:
    brace-expansion "^1.1.7"

once@^1.3.0:
  version "1.4.0"
  resolved "https://registry.yarnpkg.com/once/-/once-1.4.0.tgz#583b1aa775961d4b113ac17d9c50baef9dd76bd1"
  integrity sha512-lNaJgI+2Q5URQBkccEKHTQOPaXdUxnZZElQTZY0MFUAuaEqe1E+Nyvgdz/aIyNi6Z9MzO5dv1H8n58/GELp3+w==
  dependencies:
    wrappy "1"

path-is-absolute@^1.0.0:
  version "1.0.1"
  resolved "https://registry.yarnpkg.com/path-is-absolute/-/path-is-absolute-1.0.1.tgz#174b9268735534ffbc7ace6bf53a5a9e1b5c5f5f"
  integrity sha512-AVbw3UJ2e9bq64vSaS9Am0fje1Pa8pbGqTTsmXfaIiMpnr5DlDhfJOuLj9Sf95ZPVDAUerDfEk88MPmPe7UCQg==

rimraf@3.0.2:
  version "3.0.2"
  resolved "https://registry.yarnpkg.com/rimraf/-/rimraf-3.0.2.tgz#f1a5402ba6220ad52cc1282bac1ae3aa49fd061a"
  integrity sha512-JZkJMZkAGFFPP2YqXZXPbMlMBgsxzE8ILs4lMIX/2o0L9UBw9O/Y3o6wFw/i9YLapcUJWwqbi3kdxIPdC62TIA==
  dependencies:
    glob "^7.1.3"

typescript@4.7.3:
  version "4.7.3"
  resolved "https://registry.yarnpkg.com/typescript/-/typescript-4.7.3.tgz#8364b502d5257b540f9de4c40be84c98e23a129d"
  integrity sha512-WOkT3XYvrpXx4vMMqlD+8R8R37fZkjyLGlxavMc4iB8lrl8L0DeTcHbYgw/v0N/z9wAFsgBhcsF0ruoySS22mA==

wrappy@1:
  version "1.0.2"
  resolved "https://registry.yarnpkg.com/wrappy/-/wrappy-1.0.2.tgz#b5243d8f3ec1aa35f1364605bc0d1036e30ab69f"
  integrity sha1-tSQ9jz7BqjXxNkYFvA0QNuMKtp8=
