# THIS IS AN AUTOGENERATED FILE. DO NOT EDIT THIS FILE DIRECTLY.
# yarn lockfile v1


"@nx-js/compiler-util@^2.0.0":
  version "2.0.0"
  resolved "https://registry.yarnpkg.com/@nx-js/compiler-util/-/compiler-util-2.0.0.tgz#c74c12165fa2f017a292bb79af007e8fce0af297"

"budibase-core@git+ssh://git@gitlab.com/budibase-dist/budibase-core.git":
  version "1.0.0"
  resolved "git+ssh://git@gitlab.com/budibase-dist/budibase-core.git#7d0b44b6f7439b4b4f48b7b9c12e9eb3fa045203"
  dependencies:
    "@nx-js/compiler-util" "^2.0.0"
    date-fns "^1.29.0"
    lodash "^4.17.11"
    papaparse "^4.3.7"
    shortid "^2.2.8"

date-fns@^1.29.0:
  version "1.30.1"
  resolved "https://registry.yarnpkg.com/date-fns/-/date-fns-1.30.1.tgz#2e71bf0b119153dbb4cc4e88d9ea5acfb50dc05c"

lodash@^4.17.11:
  version "4.17.11"
  resolved "https://registry.yarnpkg.com/lodash/-/lodash-4.17.11.tgz#b39ea6229ef607ecd89e2c8df12536891cac9b8d"

nanoid@^2.0.0:
  version "2.0.1"
  resolved "https://registry.yarnpkg.com/nanoid/-/nanoid-2.0.1.tgz#deb55cac196e3f138071911dabbc3726eb048864"

papaparse@^4.3.7:
  version "4.6.3"
  resolved "https://registry.yarnpkg.com/papaparse/-/papaparse-4.6.3.tgz#742e5eaaa97fa6c7e1358d2934d8f18f44aee781"

shortid@^2.2.8:
  version "2.2.14"
  resolved "https://registry.yarnpkg.com/shortid/-/shortid-2.2.14.tgz#80db6aafcbc3e3a46850b3c88d39e051b84c8d18"
  dependencies:
    nanoid "^2.0.0"
