# THIS IS AN AUTOGENERATED FILE. DO NOT EDIT THIS FILE DIRECTLY.
# yarn lockfile v1


"@adobe/spectrum-css-workflow-icons@^1.2.1":
  version "1.2.1"
  resolved "https://registry.yarnpkg.com/@adobe/spectrum-css-workflow-icons/-/spectrum-css-workflow-icons-1.2.1.tgz#7e2cb3fcfb5c8b12d7275afafbb6ec44913551b4"
  integrity sha512-uVgekyBXnOVkxp+CUssjN/gefARtudZC8duEn1vm0lBQFwGRZFlDEzU1QC+aIRWCrD1Z8OgRpmBYlSZ7QS003w==

"@budibase/bbui@^0.9.27":
  version "0.9.30"
  resolved "https://registry.yarnpkg.com/@budibase/bbui/-/bbui-0.9.30.tgz#ec16ba15c36d86bfb0131e7a33bc6beeb127a1d7"
  integrity sha512-Bleqck7C3UPYQk9j0VF8AUl9EBHNOuQVM8uv7S9+IVdL6NH2SbdR1V9sOXiX6D+qZwqNwbXM+MZ3aXRMOPThkQ==
  dependencies:
    "@adobe/spectrum-css-workflow-icons" "^1.2.1"
    "@spectrum-css/actionbutton" "^1.0.1"
    "@spectrum-css/actiongroup" "^1.0.1"
    "@spectrum-css/avatar" "^3.0.2"
    "@spectrum-css/button" "^3.0.1"
    "@spectrum-css/buttongroup" "^3.0.2"
    "@spectrum-css/checkbox" "^3.0.2"
    "@spectrum-css/dialog" "^3.0.1"
    "@spectrum-css/divider" "^1.0.1"
    "@spectrum-css/dropzone" "^3.0.2"
    "@spectrum-css/fieldgroup" "^3.0.2"
    "@spectrum-css/fieldlabel" "^3.0.1"
    "@spectrum-css/icon" "^3.0.1"
    "@spectrum-css/illustratedmessage" "^3.0.2"
    "@spectrum-css/inputgroup" "^3.0.2"
    "@spectrum-css/label" "^2.0.10"
    "@spectrum-css/link" "^3.1.1"
    "@spectrum-css/menu" "^3.0.1"
    "@spectrum-css/modal" "^3.0.1"
    "@spectrum-css/pagination" "^3.0.3"
    "@spectrum-css/picker" "^1.0.1"
    "@spectrum-css/popover" "^3.0.1"
    "@spectrum-css/progressbar" "^1.0.2"
    "@spectrum-css/progresscircle" "^1.0.2"
    "@spectrum-css/radio" "^3.0.2"
    "@spectrum-css/search" "^3.0.2"
    "@spectrum-css/sidenav" "^3.0.2"
    "@spectrum-css/statuslight" "^3.0.2"
    "@spectrum-css/switch" "^1.0.2"
    "@spectrum-css/table" "^3.0.1"
    "@spectrum-css/tabs" "^3.0.1"
    "@spectrum-css/tags" "^3.0.2"
    "@spectrum-css/textfield" "^3.0.1"
    "@spectrum-css/toast" "^3.0.1"
    "@spectrum-css/tooltip" "^3.0.3"
    "@spectrum-css/treeview" "^3.0.2"
    "@spectrum-css/typography" "^3.0.1"
    "@spectrum-css/underlay" "^2.0.9"
    "@spectrum-css/vars" "^3.0.1"
    dayjs "^1.10.4"
    svelte-flatpickr "^3.1.0"
    svelte-portal "^1.0.0"

"@rollup/pluginutils@^4.1.0":
  version "4.1.0"
  resolved "https://registry.yarnpkg.com/@rollup/pluginutils/-/pluginutils-4.1.0.tgz#0dcc61c780e39257554feb7f77207dceca13c838"
  integrity sha512-TrBhfJkFxA+ER+ew2U2/fHbebhLT/l/2pRk0hfj9KusXUuRXd2v0R58AfaZK9VXDQ4TogOSEmICVrQAA3zFnHQ==
  dependencies:
    estree-walker "^2.0.1"
    picomatch "^2.2.2"

"@spectrum-css/actionbutton@^1.0.1":
  version "1.0.3"
  resolved "https://registry.yarnpkg.com/@spectrum-css/actionbutton/-/actionbutton-1.0.3.tgz#8f7342a69b303c5acdcfa0a59f5e9267b9f3cb30"
  integrity sha512-P9qoCPSiZ1SB6ZYqK5hub0vGty00YYqonQE0KTjtb1i+T1nYR/87vWqVPERx9j63uhgZncjwFYaThTvRqye7eQ==

"@spectrum-css/actiongroup@^1.0.1":
  version "1.0.3"
  resolved "https://registry.yarnpkg.com/@spectrum-css/actiongroup/-/actiongroup-1.0.3.tgz#4713ce65e6f5c72c404a7b638fbc3b4fd7e3874f"
  integrity sha512-NlB9Q4ZlWixXxymoPIYG6g2hkwAGKFodHWPFfxHD8ddkjXWRB9G2akUP7cfsJ4DcYn4VisUORCOYQwqDiSmboQ==

"@spectrum-css/avatar@^3.0.2":
  version "3.0.2"
  resolved "https://registry.yarnpkg.com/@spectrum-css/avatar/-/avatar-3.0.2.tgz#4f1826223eae330e64b6d3cc899e9bc2e98dac95"
  integrity sha512-wEczvSqxttTWSiL3cOvXV/RmGRwSkw2w6+slcHhnf0kb7ovymMM+9oz8vvEpEsSeo5u598bc+7ktrKFpAd6soQ==

"@spectrum-css/button@^3.0.1":
  version "3.0.3"
  resolved "https://registry.yarnpkg.com/@spectrum-css/button/-/button-3.0.3.tgz#2df1efaab6c7e0b3b06cb4b59e1eae59c7f1fc84"
  integrity sha512-6CnLPqqtaU/PcSSIGeGRi0iFIIxIUByYLKFO6zn5NEUc12KQ28dJ4PLwB6WBa0L8vRoAGlnWWH2ZZweTijbXgg==

"@spectrum-css/buttongroup@^3.0.2":
  version "3.0.3"
  resolved "https://registry.yarnpkg.com/@spectrum-css/buttongroup/-/buttongroup-3.0.3.tgz#719d868845ac9d2c4f939c1b9f6044507902d5aa"
  integrity sha512-eXl8U4QWMWXqyTu654FdQdEGnmczgOYlpIFSHyCMVjhtPqZp2xwnLFiGh6LKw+bLio6eeOZ0L+vpk1GcoYqgkw==

"@spectrum-css/checkbox@^3.0.2":
  version "3.0.3"
  resolved "https://registry.yarnpkg.com/@spectrum-css/checkbox/-/checkbox-3.0.3.tgz#8577067fc8b97e4609f92bd242364937a533a7bb"
  integrity sha512-QVG9uMHq+lh70Dh6mDNnY+vEvNz2p7VC6xgLfDYfijp2qeiqYPq72fQK6p/SiyqPk96ZACzNRwgeROU6Xf6Wgg==

"@spectrum-css/dialog@^3.0.1":
  version "3.0.3"
  resolved "https://registry.yarnpkg.com/@spectrum-css/dialog/-/dialog-3.0.3.tgz#7715a4ea435e753afb623d99ca5917ed1bcd6f34"
  integrity sha512-AhmKgfRIVyTe3ABiJ8lLUQL34VB/H6fN16na2LlbDRJvyRMzkdN1Xf2i6U3f4OMd3qQ8Gm5xat4BvMxIQPBAUQ==

"@spectrum-css/divider@^1.0.1":
  version "1.0.3"
  resolved "https://registry.yarnpkg.com/@spectrum-css/divider/-/divider-1.0.3.tgz#639e2ebaa0834efa40f42397668bbd5c153ea385"
  integrity sha512-Zy4Rn40w8UtzMh3wx/U9+CepSCpm1aOCGftHgWDub0XZuVTzh0c1WwyzTuLCx2Hf21z5VRGNiDh8bGEEzSbtNA==
  dependencies:
    "@spectrum-css/vars" "^3.0.2"

"@spectrum-css/dropzone@^3.0.2":
  version "3.0.3"
  resolved "https://registry.yarnpkg.com/@spectrum-css/dropzone/-/dropzone-3.0.3.tgz#aee71697a2c195947599d7541b858c3c198741dc"
  integrity sha512-ujrswdtB6bHigklyHsm6zomFd6rUnKJ3xVVRjroVF4+ouK4DxK5tX0iVd0EW6AOfOjx4Cc28uyFot3fpxp+MQw==

"@spectrum-css/fieldgroup@^3.0.2":
  version "3.0.3"
  resolved "https://registry.yarnpkg.com/@spectrum-css/fieldgroup/-/fieldgroup-3.0.3.tgz#85d85da048d08200f25ceab378026dd2b11e0bb2"
  integrity sha512-wXUXTXN1CPnR7M4Ltd+3uh7BfcNGUV1+Xe0/h0tCpq/j+S2Sd4xo7/pUMdU19sIDrAAtpEFp1tt+nouHcU5HGQ==

"@spectrum-css/fieldlabel@^3.0.1":
  version "3.0.3"
  resolved "https://registry.yarnpkg.com/@spectrum-css/fieldlabel/-/fieldlabel-3.0.3.tgz#f73c04d20734d4718ffb620dc46458904685b449"
  integrity sha512-nEvIkEXCD5n4fW67Unq6Iu7VXoauEd/JGpfTY02VsC5p4FJLnwKfPDbJUuUsqClAxqw7nAsmXVKtn4zQFf5yPQ==

"@spectrum-css/icon@^3.0.1":
  version "3.0.3"
  resolved "https://registry.yarnpkg.com/@spectrum-css/icon/-/icon-3.0.3.tgz#5c612822380927087aebd526855d82ed2c3e2cba"
  integrity sha512-hyloKOejPCXhP3MBNsm3SjR9j8xT1R1S19p32KW/0Qhj+VMUtfyEPmevyFptpn7wcovQccdl/vZVIVDuML/imw==

"@spectrum-css/illustratedmessage@^3.0.2":
  version "3.0.2"
  resolved "https://registry.yarnpkg.com/@spectrum-css/illustratedmessage/-/illustratedmessage-3.0.2.tgz#6a480be98b027e050b086e7899e40d87adb0a8c0"
  integrity sha512-dqnE8X27bGcO0HN8+dYx8O4o0dNNIAqeivOzDHhe2El+V4dTzMrNIerF6G0NLm3GjVf6XliwmitsZK+K6FmbtA==

"@spectrum-css/inputgroup@^3.0.2":
  version "3.0.3"
  resolved "https://registry.yarnpkg.com/@spectrum-css/inputgroup/-/inputgroup-3.0.3.tgz#00c9a370ddc2c55cf0f37dd6069faa9501fd7eb5"
  integrity sha512-FqRJTiLL7jiGfzDVXWUGVLqHryJjCcqQIrqAi+Tq0oenapzsBe2qc/zIrKgh2wtMI+NTIBLXTECvij3L1HlqAg==

"@spectrum-css/label@^2.0.10":
  version "2.0.10"
  resolved "https://registry.yarnpkg.com/@spectrum-css/label/-/label-2.0.10.tgz#2368651d7636a19385b5d300cdf6272db1916001"
  integrity sha512-xCbtEiQkZIlLdWFikuw7ifDCC21DOC/KMgVrrVJHXFc4KRQe9LTZSqmGF3tovm+CSq1adE59mYoTbojVQ9YuEQ==

"@spectrum-css/link@^3.1.1":
  version "3.1.3"
  resolved "https://registry.yarnpkg.com/@spectrum-css/link/-/link-3.1.3.tgz#b0e560a7e0acdb4a2b329b6669696aa3438f5993"
  integrity sha512-8Pmy5d73MwKcATTPaj+fSrZYnIw7GmfX40AvpC1xx5LauOxsbUb4AVNp1kn2H8rrOBmxF7czyhoBBhEiv66QUg==

"@spectrum-css/menu@^3.0.1":
  version "3.0.3"
  resolved "https://registry.yarnpkg.com/@spectrum-css/menu/-/menu-3.0.3.tgz#46a9b221bb5f470a2f8a934bdfd512d84d2fdc4d"
  integrity sha512-qKA9J/MrikNKIpCEHsAazG2vY3im5tjGCmo6p9Pdnu8/aQMsiuZDHZayukeCttJUZkrb9guDVL9OIHlK5RZvcQ==

"@spectrum-css/modal@^3.0.1":
  version "3.0.2"
  resolved "https://registry.yarnpkg.com/@spectrum-css/modal/-/modal-3.0.2.tgz#58b6621cab65f90788d310374f40df1f7090473f"
  integrity sha512-YnIivJhoaao7Otu+HV7sgebPyFbO6sd/oMvTN/Rb2wwgnaMnIIuIRdGandSrcgotN2uNgs+P0knG6mv/xA1/dg==

"@spectrum-css/page@^3.0.1":
  version "3.0.2"
  resolved "https://registry.yarnpkg.com/@spectrum-css/page/-/page-3.0.2.tgz#8f0c03d25f5565fb13115541a8fcaf0e1d3a8ee0"
  integrity sha512-lCXWjonLwYBg8FHUEkiFX0Mmfk+9Uivgvxq0DTulPlWrJcULTwjaOiY28/YBz7Fy1wuv/0KORbkPRALpYldBZg==
  dependencies:
    "@spectrum-css/vars" "^3.0.2"

"@spectrum-css/pagination@^3.0.3":
  version "3.0.3"
  resolved "https://registry.yarnpkg.com/@spectrum-css/pagination/-/pagination-3.0.3.tgz#b204c3ada384c4af751a354bc428346d82eeea65"
  integrity sha512-OJ/v9GeNXJOZ9Yr9LDBYPrR2NCiLOWP9wANT/a5sqFuugRnQbn/HYMnRp9TBxwpDY6ihaPo0T/wi7kLiAJFdDw==

"@spectrum-css/picker@^1.0.1":
  version "1.0.3"
  resolved "https://registry.yarnpkg.com/@spectrum-css/picker/-/picker-1.0.3.tgz#21379bcf8ae94277deeb6ad65dcd9e2bbfacb487"
  integrity sha512-oHLGxBx5BwVCSGo7/T1C9PTHX1+/5AmVjyLiTJ4UoIdSJmOERw9YcRZbcGZgBJNWbxcjr4TyGtwj1EcSjEy97w==

"@spectrum-css/popover@^3.0.1":
  version "3.0.3"
  resolved "https://registry.yarnpkg.com/@spectrum-css/popover/-/popover-3.0.3.tgz#6fb69873474fb968afb738eacb9e121f93e83a09"
  integrity sha512-KvmXv4TV19FBx39KfmgVlDYtvtBqv/8RRK7RRLDDHGViTxZtShjVsVpwIgfkfgn4iJztCnXpWzFqRXWUu2XCpQ==

"@spectrum-css/progressbar@^1.0.2":
  version "1.0.3"
  resolved "https://registry.yarnpkg.com/@spectrum-css/progressbar/-/progressbar-1.0.3.tgz#f70bcc38a2a21cff2f422ec825724ebbb9455e67"
  integrity sha512-vJHplefUuy8+NjCw1X7fLbqHVGNVBpvGFXNAeaIj4SFf4ygxiUq/5c9iRhhsCQixEsJlfD/b7BnGXU7BUDkr6Q==

"@spectrum-css/progresscircle@^1.0.2":
  version "1.0.2"
  resolved "https://registry.yarnpkg.com/@spectrum-css/progresscircle/-/progresscircle-1.0.2.tgz#258ea9170fb70f795edda03e38a61d93bef4487c"
  integrity sha512-JLULpyzjIY95lzlWR1yE1gv4l1K6p+scQ+edmuZZUHBzwM3pUtkvHJmUlA9TYdResUYW6Uka60VRdY6lZ8gnFQ==

"@spectrum-css/radio@^3.0.2":
  version "3.0.3"
  resolved "https://registry.yarnpkg.com/@spectrum-css/radio/-/radio-3.0.3.tgz#25c3bc5e9c30a8a8ae728717b7c7fb736cdae640"
  integrity sha512-LaLGfz/eGNR2iyqouXYILIA+pKRqF769iPdwM0REm5RpWvMQDD7rPZ/kWlg18owjaFsyllEp25gEjmhRJIIVOw==

"@spectrum-css/search@^3.0.2":
  version "3.0.3"
  resolved "https://registry.yarnpkg.com/@spectrum-css/search/-/search-3.0.3.tgz#3415dc106aca0d5dd996e87084a1b47c2b95a882"
  integrity sha512-kdLpKTt0obljuhS1q1tukujRlvSs8sBwij76D4Qp8KpMzwePfZyvv1kYzuWPNZfTeISxWsmyZ6Wxd1uvzjn+UA==

"@spectrum-css/sidenav@^3.0.2":
  version "3.0.3"
  resolved "https://registry.yarnpkg.com/@spectrum-css/sidenav/-/sidenav-3.0.3.tgz#132141fbd2500a927c312fa4e1d712c438b3d597"
  integrity sha512-cQ+CgwjxGftrcc79i1XnGd66QTl7H7zopSU0UTV4Qq7hvqfrjjWxfZ6b+3tezrrhNlDope1ff9o8sm67PsPXtg==

"@spectrum-css/statuslight@^3.0.2":
  version "3.0.2"
  resolved "https://registry.yarnpkg.com/@spectrum-css/statuslight/-/statuslight-3.0.2.tgz#dc54b6cd113413dcdb909c486b5d7bae60db65c5"
  integrity sha512-xodB8g8vGJH20XmUj9ZsPlM1jHrGeRbvmVXkz0q7YvQrYAhim8pP3W+XKKZAletPFAuu8cmUOc6SWn6i4X4z6w==

"@spectrum-css/switch@^1.0.2":
  version "1.0.2"
  resolved "https://registry.yarnpkg.com/@spectrum-css/switch/-/switch-1.0.2.tgz#f0b4c69271964573e02b08e90998096e49e1de44"
  integrity sha512-zqmHpgWPNg1gEwdUNFYV3CBX5JaeALfIqcJIxE0FLZqr9d1C4+oLE0ItIFzt1bwr4bFAOmkEpvtiY+amluzGxQ==

"@spectrum-css/table@^3.0.1":
  version "3.0.3"
  resolved "https://registry.yarnpkg.com/@spectrum-css/table/-/table-3.0.3.tgz#7f7f19905ef3275cbf907ce3a5818e63c30b2caf"
  integrity sha512-nxwzVjLPsXoY/v4sdxOVYLcC+cEbGgJyLcLclT5LT9MGSbngFeUMJzzVR4EvehzuN4dH7hrATG7Mbuq29Mf0Hg==

"@spectrum-css/tabs@^3.0.1":
  version "3.0.3"
  resolved "https://registry.yarnpkg.com/@spectrum-css/tabs/-/tabs-3.0.3.tgz#51dd6f168c897b0fdc3a7e9f901df7bd2288b4fc"
  integrity sha512-iLP1I72bJWz9APdQB1jiw+pOv5a7N+hYOCJvRoc56Us/hJKVzowkyGRe3uH+8v36nCG9bHxiAQNLoU8eXisVrg==

"@spectrum-css/tags@^3.0.2":
  version "3.0.3"
  resolved "https://registry.yarnpkg.com/@spectrum-css/tags/-/tags-3.0.3.tgz#fc76d2735cdc442de91b7eb3bee49a928c0767ac"
  integrity sha512-SL8vPxVDfWcY5VdIuyl0TImEXcOU1I7yCyXkk7MudMwfnYs81FaIyY32hFV9OHj0Tz/36UzRzc7AVMSuRQ53pw==

"@spectrum-css/textfield@^3.0.1":
  version "3.0.2"
  resolved "https://registry.yarnpkg.com/@spectrum-css/textfield/-/textfield-3.0.2.tgz#907f62d2dc82852dd6236a820be99e252b531631"
  integrity sha512-nkFgAb0cP4jUodkUBErMNfyF78jJLtgL1Mrr9/rvGpGobo10IAbb8zZY4CkZ64o8XmMy/85+wZTKcx+KHatqpg==

"@spectrum-css/toast@^3.0.1":
  version "3.0.3"
  resolved "https://registry.yarnpkg.com/@spectrum-css/toast/-/toast-3.0.3.tgz#97c1527384707600832ecda35643ed304615250f"
  integrity sha512-CjLeaMs+cjUXojCCRtbj0YkD2BoZW16kjj2o5omkEpUTjA34IJ8xJ1a+CCtDILWekhXvN0MBN4sbumcnwcnx8w==

"@spectrum-css/tooltip@^3.0.3":
  version "3.0.3"
  resolved "https://registry.yarnpkg.com/@spectrum-css/tooltip/-/tooltip-3.0.3.tgz#26b8ca3b3d30e29630244d85eb4fc11d0c841281"
  integrity sha512-ztRF7WW1FzyNavXBRc+80z67UoOrY9wl3cMYsVD3MpDnyxdzP8cjza1pCcolKBaFqRTcQKkxKw3GWtGICRKR5A==

"@spectrum-css/treeview@^3.0.2":
  version "3.0.3"
  resolved "https://registry.yarnpkg.com/@spectrum-css/treeview/-/treeview-3.0.3.tgz#aeda5175158b9f8d7529cb2b394428eb2a428046"
  integrity sha512-D5gGzZC/KtRArdx86Mesc9+99W9nTbUOeyYGqoJoAfJSOttoT6Tk5CrDvlCmAqjKf5rajemAkGri1ChqvUIwkw==

"@spectrum-css/typography@^3.0.1":
  version "3.0.2"
  resolved "https://registry.yarnpkg.com/@spectrum-css/typography/-/typography-3.0.2.tgz#ea3ca0a60e18064527819d48c8c4364cab4fcd38"
  integrity sha512-5ZOLmQe0edzsDMyhghUd4hBb5uxGsFrxzf+WasfcUw9klSfTsRZ09n1BsaaWbgrLjlMQ+EEHS46v5VNo0Ms2CA==

"@spectrum-css/underlay@^2.0.9":
  version "2.0.10"
  resolved "https://registry.yarnpkg.com/@spectrum-css/underlay/-/underlay-2.0.10.tgz#8b75b646605a311850f6620caa18d4996cd64ed7"
  integrity sha512-PmsmkzeGD/rY4pp3ILXHt9w8BW7uaEqXe08hQRS7rGki7wqCpG4mE0/8N3yEcA3QxWQclmG9gdkg5uz6wMmYzA==

"@spectrum-css/vars@^3.0.1", "@spectrum-css/vars@^3.0.2":
  version "3.0.2"
  resolved "https://registry.yarnpkg.com/@spectrum-css/vars/-/vars-3.0.2.tgz#ea9062c3c98dfc6ba59e5df14a03025ad8969999"
  integrity sha512-vzS9KqYXot4J3AEER/u618MXWAS+IoMvYMNrOoscKiLLKYQWenaueakUWulFonToPd/9vIpqtdbwxznqrK5qDw==

"@sveltejs/vite-plugin-svelte@^1.0.0-next.5":
  version "1.0.0-next.10"
  resolved "https://registry.yarnpkg.com/@sveltejs/vite-plugin-svelte/-/vite-plugin-svelte-1.0.0-next.10.tgz#15526067ea2edd334420b1e14602e29b370be25e"
  integrity sha512-ImvxbhPePm2hWNTKBSA3LHAYGwiEjHjvvgfPLXm4R87sfZ+BMXql9jBmDpzUC/URBLT4BB3Jxos/i523qkJBHg==
  dependencies:
    "@rollup/pluginutils" "^4.1.0"
    chalk "^4.1.1"
    debug "^4.3.2"
    hash-sum "^2.0.0"
    require-relative "^0.8.7"
    slash "^4.0.0"
    source-map "^0.7.3"
    svelte-hmr "^0.14.2"

ansi-styles@^4.1.0:
  version "4.3.0"
  resolved "https://registry.yarnpkg.com/ansi-styles/-/ansi-styles-4.3.0.tgz#edd803628ae71c04c85ae7a0906edad34b648937"
  integrity sha512-zbB9rCJAT1rbjiVDb2hqKFHNYLxgtk8NURxZ3IZwD3F6NtxbXZQCnnSi1Lkx+IDohdPlFp222wVALIheZJQSEg==
  dependencies:
    color-convert "^2.0.1"

apexcharts@^3.19.2, apexcharts@^3.22.1:
  version "3.27.1"
  resolved "https://registry.yarnpkg.com/apexcharts/-/apexcharts-3.27.1.tgz#b0e6dd3b3ace028f29b32fcd88e19a2420a18089"
  integrity sha512-2pfw3pxeWhI0ap5lfxyfGNGoGScfEwfc8XnTpbnzgRdr1AOH5JJN9hh3MvfwrC9TQQfJYC2TZc8P/q9qXUj1bQ==
  dependencies:
    svg.draggable.js "^2.2.2"
    svg.easing.js "^2.0.0"
    svg.filter.js "^2.0.2"
    svg.pathmorphing.js "^0.1.3"
    svg.resize.js "^1.4.3"
    svg.select.js "^3.0.1"

chalk@^4.1.1:
  version "4.1.1"
  resolved "https://registry.yarnpkg.com/chalk/-/chalk-4.1.1.tgz#c80b3fab28bf6371e6863325eee67e618b77e6ad"
  integrity sha512-diHzdDKxcU+bAsUboHLPEDQiw0qEe0qd7SYUn3HgcFlWgbDcfLGswOHYeGrHKzG9z6UYf01d9VFMfZxPM1xZSg==
  dependencies:
    ansi-styles "^4.1.0"
    supports-color "^7.1.0"

color-convert@^2.0.1:
  version "2.0.1"
  resolved "https://registry.yarnpkg.com/color-convert/-/color-convert-2.0.1.tgz#72d3a68d598c9bdb3af2ad1e84f21d896abd4de3"
  integrity sha512-RRECPsj7iu/xb5oKYcsFHSppFNnsj/52OVTRKb4zP5onXwVF3zVmmToNcOfGC+CRDpfK/U584fMg38ZHCaElKQ==
  dependencies:
    color-name "~1.1.4"

color-name@~1.1.4:
  version "1.1.4"
  resolved "https://registry.yarnpkg.com/color-name/-/color-name-1.1.4.tgz#c2a09a87acbde69543de6f63fa3995c826c536a2"
  integrity sha512-dOy+3AuW3a2wNbZHIuMZpTcgjGuLU/uBL/ubcZF9OXbDo8ff4O8yVp5Bf0efS8uEoYo5q4Fx7dY9OgQGXgAsQA==

colorette@^1.2.2:
  version "1.2.2"
  resolved "https://registry.yarnpkg.com/colorette/-/colorette-1.2.2.tgz#cbcc79d5e99caea2dbf10eb3a26fd8b3e6acfa94"
  integrity sha512-MKGMzyfeuutC/ZJ1cba9NqcNpfeqMUcYmyF1ZFY6/Cn7CNSAKx6a+s48sqLqyAiZuaP2TcqMhoo+dlwFnVxT9w==

dayjs@^1.10.4, dayjs@^1.10.5:
  version "1.10.5"
  resolved "https://registry.yarnpkg.com/dayjs/-/dayjs-1.10.5.tgz#5600df4548fc2453b3f163ebb2abbe965ccfb986"
  integrity sha512-BUFis41ikLz+65iH6LHQCDm4YPMj5r1YFLdupPIyM4SGcXMmtiLQ7U37i+hGS8urIuqe7I/ou3IS1jVc4nbN4g==

debug@^4.3.2:
  version "4.3.2"
  resolved "https://registry.yarnpkg.com/debug/-/debug-4.3.2.tgz#f0a49c18ac8779e31d4a0c6029dfb76873c7428b"
  integrity sha512-mOp8wKcvj7XxC78zLgw/ZA+6TSgkoE2C/ienthhRD298T7UNwAg9diBpLRxC0mOezLl4B0xV7M0cCO6P/O0Xhw==
  dependencies:
    ms "2.1.2"

esbuild@^0.12.5:
  version "0.12.6"
  resolved "https://registry.yarnpkg.com/esbuild/-/esbuild-0.12.6.tgz#85bc755c7cf3005d4f34b4f10f98049ce0ee67ce"
  integrity sha512-RDvVLvAjsq/kIZJoneMiUOH7EE7t2QaW7T3Q7EdQij14+bZbDq5sndb0tTanmHIFSqZVMBMMyqzVHkS3dJobeA==

estree-walker@^2.0.1:
  version "2.0.2"
  resolved "https://registry.yarnpkg.com/estree-walker/-/estree-walker-2.0.2.tgz#52f010178c2a4c117a7757cfe942adb7d2da4cac"
  integrity sha512-Rfkk/Mp/DL7JVje3u18FxFujQlTNR2q6QfMSMB7AvCBx91NGj/ba3kCfza0f6dVDbw7YlRf/nDrn7pQrCCyQ/w==

flatpickr@^4.5.2:
  version "4.6.9"
  resolved "https://registry.yarnpkg.com/flatpickr/-/flatpickr-4.6.9.tgz#9a13383e8a6814bda5d232eae3fcdccb97dc1499"
  integrity sha512-F0azNNi8foVWKSF+8X+ZJzz8r9sE1G4hl06RyceIaLvyltKvDl6vqk9Lm/6AUUCi5HWaIjiUbk7UpeE/fOXOpw==

fsevents@~2.3.1:
  version "2.3.2"
  resolved "https://registry.yarnpkg.com/fsevents/-/fsevents-2.3.2.tgz#8a526f78b8fdf4623b709e0b975c52c24c02fd1a"
  integrity sha512-xiqMQR4xAeHTuB9uWm+fFRcIOgKBMiOBP+eXiyT7jsgVCq1bkVygt00oASowB7EdtpOHaaPgKt812P9ab+DDKA==

function-bind@^1.1.1:
  version "1.1.1"
  resolved "https://registry.yarnpkg.com/function-bind/-/function-bind-1.1.1.tgz#a56899d3ea3c9bab874bb9773b7c5ede92f4895d"
  integrity sha512-yIovAzMX49sF8Yl58fSCWJ5svSLuaibPxXQJFLmBObTuCr0Mf1KiPopGM9NiFjiYBCbfaa2Fh6breQ6ANVTI0A==

has-flag@^4.0.0:
  version "4.0.0"
  resolved "https://registry.yarnpkg.com/has-flag/-/has-flag-4.0.0.tgz#944771fd9c81c81265c4d6941860da06bb59479b"
  integrity sha512-EykJT/Q1KjTWctppgIAgfSO0tKVuZUjhgMr17kqTumMl6Afv3EISleU7qZUzoXDFTAHTDC4NOoG/ZxU3EvlMPQ==

has@^1.0.3:
  version "1.0.3"
  resolved "https://registry.yarnpkg.com/has/-/has-1.0.3.tgz#722d7cbfc1f6aa8241f16dd814e011e1f41e8796"
  integrity sha512-f2dvO0VU6Oej7RkWJGrehjbzMAjFp5/VKPp5tTpWIV4JHHZK1/BxbFRtf/siA2SWTe09caDmVtYYzWEIbBS4zw==
  dependencies:
    function-bind "^1.1.1"

hash-sum@^2.0.0:
  version "2.0.0"
  resolved "https://registry.yarnpkg.com/hash-sum/-/hash-sum-2.0.0.tgz#81d01bb5de8ea4a214ad5d6ead1b523460b0b45a"
  integrity sha512-WdZTbAByD+pHfl/g9QSsBIIwy8IT+EsPiKDs0KNX+zSHhdDLFKdZu0BQHljvO+0QI/BasbMSUa8wYNCZTvhslg==

is-core-module@^2.2.0:
  version "2.4.0"
  resolved "https://registry.yarnpkg.com/is-core-module/-/is-core-module-2.4.0.tgz#8e9fc8e15027b011418026e98f0e6f4d86305cc1"
  integrity sha512-6A2fkfq1rfeQZjxrZJGerpLCTHRNEBiSgnu0+obeJpEPZRUooHgsizvzv0ZjJwOz3iWIHdJtVWJ/tmPr3D21/A==
  dependencies:
    has "^1.0.3"

ms@2.1.2:
  version "2.1.2"
  resolved "https://registry.yarnpkg.com/ms/-/ms-2.1.2.tgz#d09d1f357b443f493382a8eb3ccd183872ae6009"
  integrity sha512-sGkPx+VjMtmA6MX27oA4FBFELFCZZ4S4XqeGOXCv68tT+jb3vk/RyaKWP0PTKyWtmLSM0b+adUTEvbs1PEaH2w==

nanoid@^3.1.23:
  version "3.1.23"
  resolved "https://registry.yarnpkg.com/nanoid/-/nanoid-3.1.23.tgz#f744086ce7c2bc47ee0a8472574d5c78e4183a81"
  integrity sha512-FiB0kzdP0FFVGDKlRLEQ1BgDzU87dy5NnzjeW9YZNt+/c3+q82EQDUwniSAUxp/F0gFNI1ZhKU1FqYsMuqZVnw==

path-parse@^1.0.6:
  version "1.0.7"
  resolved "https://registry.yarnpkg.com/path-parse/-/path-parse-1.0.7.tgz#fbc114b60ca42b30d9daf5858e4bd68bbedb6735"
  integrity sha512-LDJzPVEEEPR+y48z93A0Ed0yXb8pAByGWo/k5YYdYgpY2/2EsOsksJrq7lOHxryrVOn1ejG6oAp8ahvOIQD8sw==

picomatch@^2.2.2:
  version "2.3.0"
  resolved "https://registry.yarnpkg.com/picomatch/-/picomatch-2.3.0.tgz#f1f061de8f6a4bf022892e2d128234fb98302972"
  integrity sha512-lY1Q/PiJGC2zOv/z391WOTD+Z02bCgsFfvxoXXf6h7kv9o+WmsmzYqrAwY63sNgOxE4xEdq0WyUnXfKeBrSvYw==

postcss@^8.2.10:
  version "8.3.0"
  resolved "https://registry.yarnpkg.com/postcss/-/postcss-8.3.0.tgz#b1a713f6172ca427e3f05ef1303de8b65683325f"
  integrity sha512-+ogXpdAjWGa+fdYY5BQ96V/6tAo+TdSSIMP5huJBIygdWwKtVoB5JWZ7yUd4xZ8r+8Kvvx4nyg/PQ071H4UtcQ==
  dependencies:
    colorette "^1.2.2"
    nanoid "^3.1.23"
    source-map-js "^0.6.2"

require-relative@^0.8.7:
  version "0.8.7"
  resolved "https://registry.yarnpkg.com/require-relative/-/require-relative-0.8.7.tgz#7999539fc9e047a37928fa196f8e1563dabd36de"
  integrity sha1-eZlTn8ngR6N5KPoZb44VY9q9Nt4=

resolve@^1.19.0:
  version "1.20.0"
  resolved "https://registry.yarnpkg.com/resolve/-/resolve-1.20.0.tgz#629a013fb3f70755d6f0b7935cc1c2c5378b1975"
  integrity sha512-wENBPt4ySzg4ybFQW2TT1zMQucPK95HSh/nq2CFTZVOGut2+pQvSsgtda4d26YrYcr067wjbmzOG8byDPBX63A==
  dependencies:
    is-core-module "^2.2.0"
    path-parse "^1.0.6"

rollup@^2.38.5:
  version "2.51.1"
  resolved "https://registry.yarnpkg.com/rollup/-/rollup-2.51.1.tgz#87bcd4095fe79b14c9bec0edc7ffa44e4827f793"
  integrity sha512-8xfDbAtBleXotb6qKEHWuo/jkn94a9dVqGc7Rwl3sqspCVlnCfbRek7ldhCARSi7h32H0xR4QThm1t9zHN+3uw==
  optionalDependencies:
    fsevents "~2.3.1"

slash@^4.0.0:
  version "4.0.0"
  resolved "https://registry.yarnpkg.com/slash/-/slash-4.0.0.tgz#2422372176c4c6c5addb5e2ada885af984b396a7"
  integrity sha512-3dOsAHXXUkQTpOYcoAxLIorMTp4gIQr5IW3iVb7A7lFIp0VHhnynm9izx6TssdrIcVIESAlVjtnO2K8bg+Coew==

source-map-js@^0.6.2:
  version "0.6.2"
  resolved "https://registry.yarnpkg.com/source-map-js/-/source-map-js-0.6.2.tgz#0bb5de631b41cfbda6cfba8bd05a80efdfd2385e"
  integrity sha512-/3GptzWzu0+0MBQFrDKzw/DvvMTUORvgY6k6jd/VS6iCR4RDTKWH6v6WPwQoUO8667uQEf9Oe38DxAYWY5F/Ug==

source-map@^0.7.3:
  version "0.7.3"
  resolved "https://registry.yarnpkg.com/source-map/-/source-map-0.7.3.tgz#5302f8169031735226544092e64981f751750383"
  integrity sha512-CkCj6giN3S+n9qrYiBTX5gystlENnRW5jZeNLHpe6aue+SrHcG5VYwujhW9s4dY31mEGsxBDrHR6oI69fTXsaQ==

supports-color@^7.1.0:
  version "7.2.0"
  resolved "https://registry.yarnpkg.com/supports-color/-/supports-color-7.2.0.tgz#1b7dcdcb32b8138801b3e478ba6a51caa89648da"
  integrity sha512-qpCAvRl9stuOHveKsn7HncJRvv501qIacKzQlO/+Lwxc9+0q2wLyv4Dfvt80/DPn2pqOBsJdDiogXGR9+OvwRw==
  dependencies:
    has-flag "^4.0.0"

svelte-apexcharts@^1.0.2:
  version "1.0.2"
  resolved "https://registry.yarnpkg.com/svelte-apexcharts/-/svelte-apexcharts-1.0.2.tgz#4e000f8b8f7c901c05658c845457dfc8314d54c1"
  integrity sha512-6qlx4rE+XsonZ0FZudfwqOQ34Pq+3wpxgAD75zgEmGoYhYBJcwmikTuTf3o8ZBsZue9U/pAwhNy3ed1Bkq1gmA==
  dependencies:
    apexcharts "^3.19.2"

svelte-flatpickr@^3.1.0:
  version "3.1.1"
  resolved "https://registry.yarnpkg.com/svelte-flatpickr/-/svelte-flatpickr-3.1.1.tgz#c79da72a4acab252ed39bac8168f30f79db3ff80"
  integrity sha512-z/sV/AMTqyybeWPCjoWYUOyuMmu9qX2c2f2cRqYos9K9sM5L3CqagtvfVy7GZQrnEYe+K7l/gGDCAyxJNp2+gA==
  dependencies:
    flatpickr "^4.5.2"

svelte-hmr@^0.14.2:
  version "0.14.4"
  resolved "https://registry.yarnpkg.com/svelte-hmr/-/svelte-hmr-0.14.4.tgz#b7ef2bfeef23916e0e912828c50645ca572ac355"
  integrity sha512-kItFF7vqzStckSigoFmMnxJpTOdB9TWnQAW6Js+yAB4277tLbJIIE5KBlGHNmJNpA7MguqidsPB27Uw5UzQPCA==

svelte-portal@^1.0.0:
  version "1.0.0"
  resolved "https://registry.yarnpkg.com/svelte-portal/-/svelte-portal-1.0.0.tgz#36a47c5578b1a4d9b4dc60fa32a904640ec4cdd3"
  integrity sha512-nHf+DS/jZ6jjnZSleBMSaZua9JlG5rZv9lOGKgJuaZStfevtjIlUJrkLc3vbV8QdBvPPVmvcjTlazAzfKu0v3Q==

svelte-portal@^2.1.2:
  version "2.1.2"
  resolved "https://registry.yarnpkg.com/svelte-portal/-/svelte-portal-2.1.2.tgz#5a355c18c9782149f94cbb1649ecbdf3d3667293"
  integrity sha512-u1ONI4ZJDNhVJPDW7tH6RH1ZIzALt6kJZbF00Hz9bgNIVRlzvzimsnwf35rGFMtPFA+FYenvsTHUR815yYNc9A==

svelte@^3.38.2:
  version "3.38.2"
  resolved "https://registry.yarnpkg.com/svelte/-/svelte-3.38.2.tgz#55e5c681f793ae349b5cc2fe58e5782af4275ef5"
  integrity sha512-q5Dq0/QHh4BLJyEVWGe7Cej5NWs040LWjMbicBGZ+3qpFWJ1YObRmUDZKbbovddLC9WW7THTj3kYbTOFmU9fbg==

svg.draggable.js@^2.2.2:
  version "2.2.2"
  resolved "https://registry.yarnpkg.com/svg.draggable.js/-/svg.draggable.js-2.2.2.tgz#c514a2f1405efb6f0263e7958f5b68fce50603ba"
  integrity sha512-JzNHBc2fLQMzYCZ90KZHN2ohXL0BQJGQimK1kGk6AvSeibuKcIdDX9Kr0dT9+UJ5O8nYA0RB839Lhvk4CY4MZw==
  dependencies:
    svg.js "^2.0.1"

svg.easing.js@^2.0.0:
  version "2.0.0"
  resolved "https://registry.yarnpkg.com/svg.easing.js/-/svg.easing.js-2.0.0.tgz#8aa9946b0a8e27857a5c40a10eba4091e5691f12"
  integrity sha1-iqmUawqOJ4V6XEChDrpAkeVpHxI=
  dependencies:
    svg.js ">=2.3.x"

svg.filter.js@^2.0.2:
  version "2.0.2"
  resolved "https://registry.yarnpkg.com/svg.filter.js/-/svg.filter.js-2.0.2.tgz#91008e151389dd9230779fcbe6e2c9a362d1c203"
  integrity sha1-kQCOFROJ3ZIwd5/L5uLJo2LRwgM=
  dependencies:
    svg.js "^2.2.5"

svg.js@>=2.3.x, svg.js@^2.0.1, svg.js@^2.2.5, svg.js@^2.4.0, svg.js@^2.6.5:
  version "2.7.1"
  resolved "https://registry.yarnpkg.com/svg.js/-/svg.js-2.7.1.tgz#eb977ed4737001eab859949b4a398ee1bb79948d"
  integrity sha512-ycbxpizEQktk3FYvn/8BH+6/EuWXg7ZpQREJvgacqn46gIddG24tNNe4Son6omdXCnSOaApnpZw6MPCBA1dODA==

svg.pathmorphing.js@^0.1.3:
  version "0.1.3"
  resolved "https://registry.yarnpkg.com/svg.pathmorphing.js/-/svg.pathmorphing.js-0.1.3.tgz#c25718a1cc7c36e852ecabc380e758ac09bb2b65"
  integrity sha512-49HWI9X4XQR/JG1qXkSDV8xViuTLIWm/B/7YuQELV5KMOPtXjiwH4XPJvr/ghEDibmLQ9Oc22dpWpG0vUDDNww==
  dependencies:
    svg.js "^2.4.0"

svg.resize.js@^1.4.3:
  version "1.4.3"
  resolved "https://registry.yarnpkg.com/svg.resize.js/-/svg.resize.js-1.4.3.tgz#885abd248e0cd205b36b973c4b578b9a36f23332"
  integrity sha512-9k5sXJuPKp+mVzXNvxz7U0uC9oVMQrrf7cFsETznzUDDm0x8+77dtZkWdMfRlmbkEEYvUn9btKuZ3n41oNA+uw==
  dependencies:
    svg.js "^2.6.5"
    svg.select.js "^2.1.2"

svg.select.js@^2.1.2:
  version "2.1.2"
  resolved "https://registry.yarnpkg.com/svg.select.js/-/svg.select.js-2.1.2.tgz#e41ce13b1acff43a7441f9f8be87a2319c87be73"
  integrity sha512-tH6ABEyJsAOVAhwcCjF8mw4crjXSI1aa7j2VQR8ZuJ37H2MBUbyeqYr5nEO7sSN3cy9AR9DUwNg0t/962HlDbQ==
  dependencies:
    svg.js "^2.2.5"

svg.select.js@^3.0.1:
  version "3.0.1"
  resolved "https://registry.yarnpkg.com/svg.select.js/-/svg.select.js-3.0.1.tgz#a4198e359f3825739226415f82176a90ea5cc917"
  integrity sha512-h5IS/hKkuVCbKSieR9uQCj9w+zLHoPh+ce19bBYyqF53g6mnPB8sAtIbe1s9dh2S2fCmYX2xel1Ln3PJBbK4kw==
  dependencies:
    svg.js "^2.6.5"

vite@^2.1.5:
  version "2.3.6"
  resolved "https://registry.yarnpkg.com/vite/-/vite-2.3.6.tgz#1f7cfde88a51a802d69000c7bac85d481c2e871c"
  integrity sha512-fsEpNKDHgh3Sn66JH06ZnUBnIgUVUtw6ucDhlOj1CEqxIkymU25yv1/kWDPlIjyYHnalr0cN6V+zzUJ+fmWHYw==
  dependencies:
    esbuild "^0.12.5"
    postcss "^8.2.10"
    resolve "^1.19.0"
    rollup "^2.38.5"
  optionalDependencies:
    fsevents "~2.3.1"
