# THIS IS AN AUTOGENERATED FILE. DO NOT EDIT THIS FILE DIRECTLY.
# yarn lockfile v1


"@adobe/spectrum-css-workflow-icons@^1.1.0":
  version "1.2.0"
  resolved "https://registry.yarnpkg.com/@adobe/spectrum-css-workflow-icons/-/spectrum-css-workflow-icons-1.2.0.tgz#cda8bbe873ba9317160458858ae979e5393e5550"
  integrity sha512-STSQQHvoBM0kf1JrNL3KEt88RklIctaGyGOzwUTnhtTkT1jHLaF4FgxrPDCvr1AT8VOq1nGplKUCeyZ9vdUUmA==

"@polka/url@^0.5.0":
  version "0.5.0"
  resolved "https://registry.yarnpkg.com/@polka/url/-/url-0.5.0.tgz#b21510597fd601e5d7c95008b76bf0d254ebfd31"
  integrity sha512-oZLYFEAzUKyi3SKnXvj32ZCEGH6RDnao7COuCVhDydMS9NrCSVXhM79VaKyP5+Zc33m0QXEd2DN3UkU7OsHcfw==

"@rollup/pluginutils@^4.1.0":
  version "4.1.0"
  resolved "https://registry.yarnpkg.com/@rollup/pluginutils/-/pluginutils-4.1.0.tgz#0dcc61c780e39257554feb7f77207dceca13c838"
  integrity sha512-TrBhfJkFxA+ER+ew2U2/fHbebhLT/l/2pRk0hfj9KusXUuRXd2v0R58AfaZK9VXDQ4TogOSEmICVrQAA3zFnHQ==
  dependencies:
    estree-walker "^2.0.1"
    picomatch "^2.2.2"

"@spectrum-css/actionbutton@^1.0.1":
  version "1.0.1"
  resolved "https://registry.yarnpkg.com/@spectrum-css/actionbutton/-/actionbutton-1.0.1.tgz#9c75da37ea6915919fb574c74bd60dacc03b6577"
  integrity sha512-AUqtyNabHF451Aj9i3xz82TxS5Z6k1dttA68/1hMeU9kbPCSS4P6Viw3vaRGs9CSspuR8xnnhDgrq+F+zMy2Hw==

"@spectrum-css/button@^3.0.1":
  version "3.0.1"
  resolved "https://registry.yarnpkg.com/@spectrum-css/button/-/button-3.0.1.tgz#6db8c3e851baecd0f1c2d88fef37d49d01c6e643"
  integrity sha512-YXrBtjIYisk4Vaxnp0RiE4gdElQX04P2mc4Pi2GlQ27dJKlHmufYcF+kAqGdtiyK5yjdN/vKRcC8y13aA4rusA==

"@spectrum-css/checkbox@^3.0.1":
  version "3.0.1"
  resolved "https://registry.yarnpkg.com/@spectrum-css/checkbox/-/checkbox-3.0.1.tgz#6f36377d8bd556989ddd1dec2506dc295c5fcda8"
  integrity sha512-fI0q2Cp6yU4ORyE6JWUSMYNgEtGf6AjYViZ2Weg3UPTYBQuWdQd8J0ZTcH38pDMyARFPRdiXgQ3KnyX5Hk5huw==

"@spectrum-css/fieldlabel@^3.0.1":
  version "3.0.1"
  resolved "https://registry.yarnpkg.com/@spectrum-css/fieldlabel/-/fieldlabel-3.0.1.tgz#39f7c0f25cc2ff402afeff005341b0832f7c588c"
  integrity sha512-LMfwrwIq8wEEvxFLobdLvXRwKrp8o9Fty4iJ9aYl2Rj1uXkfRd8qLz9HGZjLEE1OuJgoTBgamYABl7EvoA5PLw==

"@spectrum-css/icon@^3.0.1":
  version "3.0.1"
  resolved "https://registry.yarnpkg.com/@spectrum-css/icon/-/icon-3.0.1.tgz#e300a6fc353c85c6b5d6e7a364408a940c31b177"
  integrity sha512-cGFtIrcQ/7tthdkHK1npuEFiCdYVHLqwmLxghUYQw8Tb8KgJaw3OBO1tpjgsUizexNgu26BjVRIbGxNWuBXIHQ==

"@spectrum-css/inputgroup@^3.0.1":
  version "3.0.1"
  resolved "https://registry.yarnpkg.com/@spectrum-css/inputgroup/-/inputgroup-3.0.1.tgz#8c5b257b57b3b2cf04e99355709365fa0d6838cc"
  integrity sha512-asBRa1jTlld6plkcq4ySO+xl+OJlCMSOLoAFdSSIJowcSlCV0yDy7oeOhf5YQv9mMHFWTKlWUSoAKDZTguIPxA==

"@spectrum-css/label@^2.0.9":
  version "2.0.9"
  resolved "https://registry.yarnpkg.com/@spectrum-css/label/-/label-2.0.9.tgz#792f34b906ba81118f4d0edcc81a18da1ecd57cb"
  integrity sha512-0vXhWIZoQDTg+I6MyMpwmeJ+yQHtxkZ7lLcEqxhJ2y7JXP2ftblz2sO4+9jB11ljepeVlV+B6LF1drU8mMu82A==

"@spectrum-css/menu@^3.0.1":
  version "3.0.1"
  resolved "https://registry.yarnpkg.com/@spectrum-css/menu/-/menu-3.0.1.tgz#2a376f991acc24e12ec892bb6b9db2650fc41fbe"
  integrity sha512-Qjg0+1O0eC89sb/bRFq2AGnQ8XqhVy23TUXHyffNM8qdcMssnlny3QmhzjURCZKvx/Y5UytCpzhedPQqSpQwZg==

"@spectrum-css/page@^3.0.1":
  version "3.0.1"
  resolved "https://registry.yarnpkg.com/@spectrum-css/page/-/page-3.0.1.tgz#5e1c3dd5b1a1ee591f9d636b75f03665f542d846"
  integrity sha512-LAlKF8km5BlsGPpZ2SNtwKOQIHn1lz0X93aczGZVZceOg73O4gyeoT5cx4vi1z+KtBRY5VMDWx3XgGtUwwjqwA==
  dependencies:
    "@spectrum-css/vars" "^3.0.1"

"@spectrum-css/picker@^1.0.0":
  version "1.0.1"
  resolved "https://registry.yarnpkg.com/@spectrum-css/picker/-/picker-1.0.1.tgz#98991198576d26bd14160824e7b6f3c278ff930b"
  integrity sha512-Rv4/UBOdNW1gs7WVBCJnPD5VFly8MqP++psDX6kcugUIcfJy0GC3acvElotmKRlCDk8Qxks2W2A0jKeSgphTmA==

"@spectrum-css/popover@^3.0.1":
  version "3.0.1"
  resolved "https://registry.yarnpkg.com/@spectrum-css/popover/-/popover-3.0.1.tgz#5863c1efc53f98f9aba2de9186666780041303fc"
  integrity sha512-LmOSj/yCwQQ9iGmCYnHiJsJR/HfPiGqI1Jl7pkKxBOCxYBMS/5+ans9vfCN2Qnd0eK7WSbfPg72S6mjye7db2Q==

"@spectrum-css/stepper@^3.0.1":
  version "3.0.1"
  resolved "https://registry.yarnpkg.com/@spectrum-css/stepper/-/stepper-3.0.1.tgz#7f270f53505e7dbe082591e8ea1c4c8f397e045a"
  integrity sha512-IvZlGFJ8QPr9tUz5xvVN4hASaTRDPdKu9IIp25q/x0ecgSrKAM55e3EBWEYWy1H1JI3h+zlPnNRuK0VLhDbCYA==

"@spectrum-css/table@^3.0.1":
  version "3.0.1"
  resolved "https://registry.yarnpkg.com/@spectrum-css/table/-/table-3.0.1.tgz#753e0e2498082c0c36b9600828516aff3ac338cd"
  integrity sha512-XQ+srMTv9hK1H0nctWUtqyzitmvyb5TNR+7mjAmKRdkBRSTQQSipDhenxZp72ekzMtMoSYZVZ77kgo0Iw3Fpug==

"@spectrum-css/textfield@^3.0.1":
  version "3.0.1"
  resolved "https://registry.yarnpkg.com/@spectrum-css/textfield/-/textfield-3.0.1.tgz#e875b8e37817378ad08fc4af7d53026df38911e5"
  integrity sha512-MUV5q87CVxbkNdSNoxGrFbgyKc51ft/WWf3aVEoPdPw5yBnXqFe1w1YmAit5zYDOOhhs58sCLAlUcCMlOpkgrA==

"@spectrum-css/vars@^3.0.1":
  version "3.0.1"
  resolved "https://registry.yarnpkg.com/@spectrum-css/vars/-/vars-3.0.1.tgz#561fd69098f896a647242dd8d6108af603bfa31e"
  integrity sha512-l4oRcCOqInChYXZN6OQhpe3isk6l4OE6Ys8cgdlsiKp53suNoQxyyd9p/eGRbCjZgH3xQ8nK0t4DHa7QYC0S6w==

"@sveltejs/vite-plugin-svelte@^1.0.0-next.5":
  version "1.0.0-next.5"
  resolved "https://registry.yarnpkg.com/@sveltejs/vite-plugin-svelte/-/vite-plugin-svelte-1.0.0-next.5.tgz#8cf608f7a3c33dfa5b648397aae1ba90e6a4883f"
  integrity sha512-RVjafsqziWwnQm8VEy2y0qNaugNDvRd8tTaCt9rjgQkqaS/BDiyDCluXxA28PRC+ddZjvwUeq9k+0EfbLVObfg==
  dependencies:
    "@rollup/pluginutils" "^4.1.0"
    chalk "^4.1.0"
    debug "^4.3.2"
    hash-sum "^2.0.0"
    require-relative "^0.8.7"
    slash "^3.0.0"
    source-map "^0.7.3"
    svelte-hmr "^0.13.3"

ansi-styles@^4.1.0:
  version "4.3.0"
  resolved "https://registry.yarnpkg.com/ansi-styles/-/ansi-styles-4.3.0.tgz#edd803628ae71c04c85ae7a0906edad34b648937"
  integrity sha512-zbB9rCJAT1rbjiVDb2hqKFHNYLxgtk8NURxZ3IZwD3F6NtxbXZQCnnSi1Lkx+IDohdPlFp222wVALIheZJQSEg==
  dependencies:
    color-convert "^2.0.1"

apexcharts@^3.19.2, apexcharts@^3.22.1:
  version "3.26.0"
  resolved "https://registry.yarnpkg.com/apexcharts/-/apexcharts-3.26.0.tgz#a78abc108b2e1b3086a738f0ec7c98e292f4a14b"
  integrity sha512-zdYHs3k3tgmCn1BpYLj7rhGEndBYF33Pq1+g0ora37xAr+3act5CJrpdXM2jx2boVUyXgavoSp6sa8WpK7RkSA==
  dependencies:
    svg.draggable.js "^2.2.2"
    svg.easing.js "^2.0.0"
    svg.filter.js "^2.0.2"
    svg.pathmorphing.js "^0.1.3"
    svg.resize.js "^1.4.3"
    svg.select.js "^3.0.1"

argparse@^2.0.1:
  version "2.0.1"
  resolved "https://registry.yarnpkg.com/argparse/-/argparse-2.0.1.tgz#246f50f3ca78a3240f6c997e8a9bd1eac49e4b38"
  integrity sha512-8+9WqebbFzpX9OR+Wa6O29asIogeRMzcGtAINdpMHHyAg10f05aSFVBbcEqGf/PXw1EjAZ+q2/bEBg3DvurK3Q==

call-bind@^1.0.0, call-bind@^1.0.2:
  version "1.0.2"
  resolved "https://registry.yarnpkg.com/call-bind/-/call-bind-1.0.2.tgz#b1d4e89e688119c3c9a903ad30abb2f6a919be3c"
  integrity sha512-7O+FbCihrB5WGbFYesctwmTKae6rOiIzmz1icreWJ+0aA7LJfuqhEso2T9ncpcFtzMQtzXf2QGGueWJGTYsqrA==
  dependencies:
    function-bind "^1.1.1"
    get-intrinsic "^1.0.2"

chalk@^4.1.0:
  version "4.1.0"
  resolved "https://registry.yarnpkg.com/chalk/-/chalk-4.1.0.tgz#4e14870a618d9e2edd97dd8345fd9d9dc315646a"
  integrity sha512-qwx12AxXe2Q5xQ43Ac//I6v5aXTipYrSESdOgzrN+9XjgEpyjpKuvSGaN4qE93f7TQTlerQQ8S+EQ0EyDoVL1A==
  dependencies:
    ansi-styles "^4.1.0"
    supports-color "^7.1.0"

clone@^2.1.1:
  version "2.1.2"
  resolved "https://registry.yarnpkg.com/clone/-/clone-2.1.2.tgz#1b7f4b9f591f1e8f83670401600345a02887435f"
  integrity sha1-G39Ln1kfHo+DZwQBYANFoCiHQ18=

color-convert@^2.0.1:
  version "2.0.1"
  resolved "https://registry.yarnpkg.com/color-convert/-/color-convert-2.0.1.tgz#72d3a68d598c9bdb3af2ad1e84f21d896abd4de3"
  integrity sha512-RRECPsj7iu/xb5oKYcsFHSppFNnsj/52OVTRKb4zP5onXwVF3zVmmToNcOfGC+CRDpfK/U584fMg38ZHCaElKQ==
  dependencies:
    color-name "~1.1.4"

color-name@~1.1.4:
  version "1.1.4"
  resolved "https://registry.yarnpkg.com/color-name/-/color-name-1.1.4.tgz#c2a09a87acbde69543de6f63fa3995c826c536a2"
  integrity sha512-dOy+3AuW3a2wNbZHIuMZpTcgjGuLU/uBL/ubcZF9OXbDo8ff4O8yVp5Bf0efS8uEoYo5q4Fx7dY9OgQGXgAsQA==

colorette@^1.2.2:
  version "1.2.2"
  resolved "https://registry.yarnpkg.com/colorette/-/colorette-1.2.2.tgz#cbcc79d5e99caea2dbf10eb3a26fd8b3e6acfa94"
  integrity sha512-MKGMzyfeuutC/ZJ1cba9NqcNpfeqMUcYmyF1ZFY6/Cn7CNSAKx6a+s48sqLqyAiZuaP2TcqMhoo+dlwFnVxT9w==

console-clear@^1.1.0:
  version "1.1.1"
  resolved "https://registry.yarnpkg.com/console-clear/-/console-clear-1.1.1.tgz#995e20cbfbf14dd792b672cde387bd128d674bf7"
  integrity sha512-pMD+MVR538ipqkG5JXeOEbKWS5um1H4LUUccUQG68qpeqBYbzYy79Gh55jkd2TtPdRfUaLWdv6LPP//5Zt0aPQ==

dayjs@^1.10.4:
  version "1.10.4"
  resolved "https://registry.yarnpkg.com/dayjs/-/dayjs-1.10.4.tgz#8e544a9b8683f61783f570980a8a80eaf54ab1e2"
  integrity sha512-RI/Hh4kqRc1UKLOAf/T5zdMMX5DQIlDxwUe3wSyMMnEbGunnpENCdbUgM+dW7kXidZqCttBrmw7BhN4TMddkCw==

debug@^4.3.2:
  version "4.3.2"
  resolved "https://registry.yarnpkg.com/debug/-/debug-4.3.2.tgz#f0a49c18ac8779e31d4a0c6029dfb76873c7428b"
  integrity sha512-mOp8wKcvj7XxC78zLgw/ZA+6TSgkoE2C/ienthhRD298T7UNwAg9diBpLRxC0mOezLl4B0xV7M0cCO6P/O0Xhw==
  dependencies:
    ms "2.1.2"

deep-equal@^1.0.1:
  version "1.1.1"
  resolved "https://registry.yarnpkg.com/deep-equal/-/deep-equal-1.1.1.tgz#b5c98c942ceffaf7cb051e24e1434a25a2e6076a"
  integrity sha512-yd9c5AdiqVcR+JjcwUQb9DkhJc8ngNr0MahEBGvDiJw8puWab2yZlh+nkasOnZP+EGTAP6rRp2JzJhJZzvNF8g==
  dependencies:
    is-arguments "^1.0.4"
    is-date-object "^1.0.1"
    is-regex "^1.0.4"
    object-is "^1.0.1"
    object-keys "^1.1.1"
    regexp.prototype.flags "^1.2.0"

define-properties@^1.1.3:
  version "1.1.3"
  resolved "https://registry.yarnpkg.com/define-properties/-/define-properties-1.1.3.tgz#cf88da6cbee26fe6db7094f61d870cbd84cee9f1"
  integrity sha512-3MqfYKj2lLzdMSf8ZIZE/V+Zuy+BgD6f164e8K2w7dgnpKArBDerGYpM46IYYcjnkdPNMjPk9A6VFB8+3SKlXQ==
  dependencies:
    object-keys "^1.0.12"

domino@^2.1.6:
  version "2.1.6"
  resolved "https://registry.yarnpkg.com/domino/-/domino-2.1.6.tgz#fe4ace4310526e5e7b9d12c7de01b7f485a57ffe"
  integrity sha512-3VdM/SXBZX2omc9JF9nOPCtDaYQ67BGp5CoLpIQlO2KCAPETs8TcDHacF26jXadGbvUteZzRTeos2fhID5+ucQ==

entities@~2.1.0:
  version "2.1.0"
  resolved "https://registry.yarnpkg.com/entities/-/entities-2.1.0.tgz#992d3129cf7df6870b96c57858c249a120f8b8b5"
  integrity sha512-hCx1oky9PFrJ611mf0ifBLBRW8lUUVRlFolb5gWRfIELabBlbp9xZvrqZLZAs+NxFnbfQoeGd8wDkygjg7U85w==

esbuild@^0.9.3:
  version "0.9.7"
  resolved "https://registry.yarnpkg.com/esbuild/-/esbuild-0.9.7.tgz#ea0d639cbe4b88ec25fbed4d6ff00c8d788ef70b"
  integrity sha512-VtUf6aQ89VTmMLKrWHYG50uByMF4JQlVysb8dmg6cOgW8JnFCipmz7p+HNBl+RR3LLCuBxFGVauAe2wfnF9bLg==

estree-walker@^2.0.1:
  version "2.0.2"
  resolved "https://registry.yarnpkg.com/estree-walker/-/estree-walker-2.0.2.tgz#52f010178c2a4c117a7757cfe942adb7d2da4cac"
  integrity sha512-Rfkk/Mp/DL7JVje3u18FxFujQlTNR2q6QfMSMB7AvCBx91NGj/ba3kCfza0f6dVDbw7YlRf/nDrn7pQrCCyQ/w==

eventemitter3@^2.0.3:
  version "2.0.3"
  resolved "https://registry.yarnpkg.com/eventemitter3/-/eventemitter3-2.0.3.tgz#b5e1079b59fb5e1ba2771c0a993be060a58c99ba"
  integrity sha1-teEHm1n7XhuidxwKmTvgYKWMmbo=

extend@^3.0.2:
  version "3.0.2"
  resolved "https://registry.yarnpkg.com/extend/-/extend-3.0.2.tgz#f8b1136b4071fbd8eb140aff858b1019ec2915fa"
  integrity sha512-fjquC59cD7CyW6urNXK0FBufkZcoiGG80wTuPujX590cB5Ttln20E2UB4S/WARVqhXffZl2LNgS+gQdPIIim/g==

fast-diff@1.1.2:
  version "1.1.2"
  resolved "https://registry.yarnpkg.com/fast-diff/-/fast-diff-1.1.2.tgz#4b62c42b8e03de3f848460b639079920695d0154"
  integrity sha512-KaJUt+M9t1qaIteSvjc6P3RbMdXsNhK61GRftR6SNxqmhthcd9MGIi4T+o0jD8LUSpSnSKXE20nLtJ3fOHxQig==

flatpickr@^4.5.2, flatpickr@^4.6.6:
  version "4.6.9"
  resolved "https://registry.yarnpkg.com/flatpickr/-/flatpickr-4.6.9.tgz#9a13383e8a6814bda5d232eae3fcdccb97dc1499"
  integrity sha512-F0azNNi8foVWKSF+8X+ZJzz8r9sE1G4hl06RyceIaLvyltKvDl6vqk9Lm/6AUUCi5HWaIjiUbk7UpeE/fOXOpw==

fsevents@~2.3.1:
  version "2.3.2"
  resolved "https://registry.yarnpkg.com/fsevents/-/fsevents-2.3.2.tgz#8a526f78b8fdf4623b709e0b975c52c24c02fd1a"
  integrity sha512-xiqMQR4xAeHTuB9uWm+fFRcIOgKBMiOBP+eXiyT7jsgVCq1bkVygt00oASowB7EdtpOHaaPgKt812P9ab+DDKA==

function-bind@^1.1.1:
  version "1.1.1"
  resolved "https://registry.yarnpkg.com/function-bind/-/function-bind-1.1.1.tgz#a56899d3ea3c9bab874bb9773b7c5ede92f4895d"
  integrity sha512-yIovAzMX49sF8Yl58fSCWJ5svSLuaibPxXQJFLmBObTuCr0Mf1KiPopGM9NiFjiYBCbfaa2Fh6breQ6ANVTI0A==

get-intrinsic@^1.0.2:
  version "1.1.1"
  resolved "https://registry.yarnpkg.com/get-intrinsic/-/get-intrinsic-1.1.1.tgz#15f59f376f855c446963948f0d24cd3637b4abc6"
  integrity sha512-kWZrnVM42QCiEA2Ig1bG8zjoIMOgxWwYCEeNdwY6Tv/cOSeGpcoX4pXHfKUxNKVoArnrEr2e9srnAxxGIraS9Q==
  dependencies:
    function-bind "^1.1.1"
    has "^1.0.3"
    has-symbols "^1.0.1"

get-port@^3.2.0:
  version "3.2.0"
  resolved "https://registry.yarnpkg.com/get-port/-/get-port-3.2.0.tgz#dd7ce7de187c06c8bf353796ac71e099f0980ebc"
  integrity sha1-3Xzn3hh8Bsi/NTeWrHHgmfCYDrw=

has-flag@^4.0.0:
  version "4.0.0"
  resolved "https://registry.yarnpkg.com/has-flag/-/has-flag-4.0.0.tgz#944771fd9c81c81265c4d6941860da06bb59479b"
  integrity sha512-EykJT/Q1KjTWctppgIAgfSO0tKVuZUjhgMr17kqTumMl6Afv3EISleU7qZUzoXDFTAHTDC4NOoG/ZxU3EvlMPQ==

has-symbols@^1.0.1:
  version "1.0.2"
  resolved "https://registry.yarnpkg.com/has-symbols/-/has-symbols-1.0.2.tgz#165d3070c00309752a1236a479331e3ac56f1423"
  integrity sha512-chXa79rL/UC2KlX17jo3vRGz0azaWEx5tGqZg5pO3NUyEJVB17dMruQlzCCOfUvElghKcm5194+BCRvi2Rv/Gw==

has@^1.0.3:
  version "1.0.3"
  resolved "https://registry.yarnpkg.com/has/-/has-1.0.3.tgz#722d7cbfc1f6aa8241f16dd814e011e1f41e8796"
  integrity sha512-f2dvO0VU6Oej7RkWJGrehjbzMAjFp5/VKPp5tTpWIV4JHHZK1/BxbFRtf/siA2SWTe09caDmVtYYzWEIbBS4zw==
  dependencies:
    function-bind "^1.1.1"

hash-sum@^2.0.0:
  version "2.0.0"
  resolved "https://registry.yarnpkg.com/hash-sum/-/hash-sum-2.0.0.tgz#81d01bb5de8ea4a214ad5d6ead1b523460b0b45a"
  integrity sha512-WdZTbAByD+pHfl/g9QSsBIIwy8IT+EsPiKDs0KNX+zSHhdDLFKdZu0BQHljvO+0QI/BasbMSUa8wYNCZTvhslg==

is-arguments@^1.0.4:
  version "1.1.0"
  resolved "https://registry.yarnpkg.com/is-arguments/-/is-arguments-1.1.0.tgz#62353031dfbee07ceb34656a6bde59efecae8dd9"
  integrity sha512-1Ij4lOMPl/xB5kBDn7I+b2ttPMKa8szhEIrXDuXQD/oe3HJLTLhqhgGspwgyGd6MOywBUqVvYicF72lkgDnIHg==
  dependencies:
    call-bind "^1.0.0"

is-core-module@^2.2.0:
  version "2.2.0"
  resolved "https://registry.yarnpkg.com/is-core-module/-/is-core-module-2.2.0.tgz#97037ef3d52224d85163f5597b2b63d9afed981a"
  integrity sha512-XRAfAdyyY5F5cOXn7hYQDqh2Xmii+DEfIcQGxK/uNwMHhIkPWO0g8msXcbzLe+MpGoR951MlqM/2iIlU4vKDdQ==
  dependencies:
    has "^1.0.3"

is-date-object@^1.0.1:
  version "1.0.2"
  resolved "https://registry.yarnpkg.com/is-date-object/-/is-date-object-1.0.2.tgz#bda736f2cd8fd06d32844e7743bfa7494c3bfd7e"
  integrity sha512-USlDT524woQ08aoZFzh3/Z6ch9Y/EWXEHQ/AaRN0SkKq4t2Jw2R2339tSXmwuVoY7LLlBCbOIlx2myP/L5zk0g==

is-regex@^1.0.4:
  version "1.1.2"
  resolved "https://registry.yarnpkg.com/is-regex/-/is-regex-1.1.2.tgz#81c8ebde4db142f2cf1c53fc86d6a45788266251"
  integrity sha512-axvdhb5pdhEVThqJzYXwMlVuZwC+FF2DpcOhTS+y/8jVq4trxyPgfcwIxIKiyeuLlSQYKkmUaPQJ8ZE4yNKXDg==
  dependencies:
    call-bind "^1.0.2"
    has-symbols "^1.0.1"

kleur@^3.0.0:
  version "3.0.3"
  resolved "https://registry.yarnpkg.com/kleur/-/kleur-3.0.3.tgz#a79c9ecc86ee1ce3fa6206d1216c501f147fc07e"
  integrity sha512-eTIzlVOSUR+JxdDFepEYcBMtZ9Qqdef+rnzWdRZuMbOywu5tO2w2N7rqjoANZ5k9vywhL6Br1VRjUIgTQx4E8w==

linkify-it@^3.0.1:
  version "3.0.2"
  resolved "https://registry.yarnpkg.com/linkify-it/-/linkify-it-3.0.2.tgz#f55eeb8bc1d3ae754049e124ab3bb56d97797fb8"
  integrity sha512-gDBO4aHNZS6coiZCKVhSNh43F9ioIL4JwRjLZPkoLIY4yZFwg264Y5lu2x6rb1Js42Gh6Yqm2f6L2AJcnkzinQ==
  dependencies:
    uc.micro "^1.0.1"

loadicons@^1.0.0:
  version "1.0.0"
  resolved "https://registry.yarnpkg.com/loadicons/-/loadicons-1.0.0.tgz#79fd9b08ef2933988c94068cbd246ef3f21cbd04"
  integrity sha512-KSywiudfuOK5sTdhNMM8hwRpMxZ5TbQlU4ZijMxUFwRW7jpxUmb9YJoLIzDn7+xuxeLzCZWBmLJS2JDjDWCpsw==

local-access@^1.0.1:
  version "1.1.0"
  resolved "https://registry.yarnpkg.com/local-access/-/local-access-1.1.0.tgz#e007c76ba2ca83d5877ba1a125fc8dfe23ba4798"
  integrity sha512-XfegD5pyTAfb+GY6chk283Ox5z8WexG56OvM06RWLpAc/UHozO8X6xAxEkIitZOtsSMM1Yr3DkHgW5W+onLhCw==

lodash.debounce@^4.0.8:
  version "4.0.8"
  resolved "https://registry.yarnpkg.com/lodash.debounce/-/lodash.debounce-4.0.8.tgz#82d79bff30a67c4005ffd5e2515300ad9ca4d7af"
  integrity sha1-gteb/zCmfEAF/9XiUVMArZyk168=

lodash@^4.17.15:
  version "4.17.21"
  resolved "https://registry.yarnpkg.com/lodash/-/lodash-4.17.21.tgz#679591c564c3bffaae8454cf0b3df370c3d6911c"
  integrity sha512-v2kDEe57lecTulaDIuNTPy3Ry4gLGJ6Z1O3vE1krgXZNrsQ+LFTGHVxVjcXPs17LhbZVGedAJv8XZ1tvj5FvSg==

markdown-it@^12.0.2:
  version "12.0.4"
  resolved "https://registry.yarnpkg.com/markdown-it/-/markdown-it-12.0.4.tgz#eec8247d296327eac3ba9746bdeec9cfcc751e33"
  integrity sha512-34RwOXZT8kyuOJy25oJNJoulO8L0bTHYWXcdZBYZqFnjIy3NgjeoM3FmPXIOFQ26/lSHYMr8oc62B6adxXcb3Q==
  dependencies:
    argparse "^2.0.1"
    entities "~2.1.0"
    linkify-it "^3.0.1"
    mdurl "^1.0.1"
    uc.micro "^1.0.5"

mdurl@^1.0.1:
  version "1.0.1"
  resolved "https://registry.yarnpkg.com/mdurl/-/mdurl-1.0.1.tgz#fe85b2ec75a59037f2adfec100fd6c601761152e"
  integrity sha1-/oWy7HWlkDfyrf7BAP1sYBdhFS4=

mime@^2.3.1:
  version "2.5.2"
  resolved "https://registry.yarnpkg.com/mime/-/mime-2.5.2.tgz#6e3dc6cc2b9510643830e5f19d5cb753da5eeabe"
  integrity sha512-tqkh47FzKeCPD2PUiPB6pkbMzsCasjxAfC62/Wap5qrUWcb+sFasXUC5I3gYM5iBM8v/Qpn4UK0x+j0iHyFPDg==

mri@^1.1.0:
  version "1.1.6"
  resolved "https://registry.yarnpkg.com/mri/-/mri-1.1.6.tgz#49952e1044db21dbf90f6cd92bc9c9a777d415a6"
  integrity sha512-oi1b3MfbyGa7FJMP9GmLTttni5JoICpYBRlq+x5V16fZbLsnL9N3wFqqIm/nIG43FjUFkFh9Epzp/kzUGUnJxQ==

ms@2.1.2:
  version "2.1.2"
  resolved "https://registry.yarnpkg.com/ms/-/ms-2.1.2.tgz#d09d1f357b443f493382a8eb3ccd183872ae6009"
  integrity sha512-sGkPx+VjMtmA6MX27oA4FBFELFCZZ4S4XqeGOXCv68tT+jb3vk/RyaKWP0PTKyWtmLSM0b+adUTEvbs1PEaH2w==

nanoid@^3.1.22:
  version "3.1.22"
  resolved "https://registry.yarnpkg.com/nanoid/-/nanoid-3.1.22.tgz#b35f8fb7d151990a8aebd5aa5015c03cf726f844"
  integrity sha512-/2ZUaJX2ANuLtTvqTlgqBQNJoQO398KyJgZloL0PZkC0dpysjncRUPsFe3DUPzz/y3h+u7C46np8RMuvF3jsSQ==

object-is@^1.0.1:
  version "1.1.5"
  resolved "https://registry.yarnpkg.com/object-is/-/object-is-1.1.5.tgz#b9deeaa5fc7f1846a0faecdceec138e5778f53ac"
  integrity sha512-3cyDsyHgtmi7I7DfSSI2LDp6SK2lwvtbg0p0R1e0RvTqF5ceGx+K2dfSjm1bKDMVCFEDAQvy+o8c6a7VujOddw==
  dependencies:
    call-bind "^1.0.2"
    define-properties "^1.1.3"

object-keys@^1.0.12, object-keys@^1.1.1:
  version "1.1.1"
  resolved "https://registry.yarnpkg.com/object-keys/-/object-keys-1.1.1.tgz#1c47f272df277f3b1daf061677d9c82e2322c60e"
  integrity sha512-NuAESUOUMrlIXOfHKzD6bpPu3tYt3xvjNdRIQ+FeT0lNb4K8WR70CaDxhuNguS2XG+GjkyMwOzsN5ZktImfhLA==

parchment@^1.1.4:
  version "1.1.4"
  resolved "https://registry.yarnpkg.com/parchment/-/parchment-1.1.4.tgz#aeded7ab938fe921d4c34bc339ce1168bc2ffde5"
  integrity sha512-J5FBQt/pM2inLzg4hEWmzQx/8h8D0CiDxaG3vyp9rKrQRSDgBlhjdP5jQGgosEajXPSQouXGHOmVdgo7QmJuOg==

path-parse@^1.0.6:
  version "1.0.6"
  resolved "https://registry.yarnpkg.com/path-parse/-/path-parse-1.0.6.tgz#d62dbb5679405d72c4737ec58600e9ddcf06d24c"
  integrity sha512-GSmOT2EbHrINBf9SR7CDELwlJ8AENk3Qn7OikK4nFYAu3Ote2+JYNVvkpAEQm3/TLNEJFD/xZJjzyxg3KBWOzw==

picomatch@^2.2.2:
  version "2.2.2"
  resolved "https://registry.yarnpkg.com/picomatch/-/picomatch-2.2.2.tgz#21f333e9b6b8eaff02468f5146ea406d345f4dad"
  integrity sha512-q0M/9eZHzmr0AulXyPwNfZjtwZ/RBZlbN3K3CErVrk50T2ASYI7Bye0EvekFY3IP1Nt2DHu0re+V2ZHIpMkuWg==

postcss@^8.2.1:
  version "8.2.9"
  resolved "https://registry.yarnpkg.com/postcss/-/postcss-8.2.9.tgz#fd95ff37b5cee55c409b3fdd237296ab4096fba3"
  integrity sha512-b+TmuIL4jGtCHtoLi+G/PisuIl9avxs8IZMSmlABRwNz5RLUUACrC+ws81dcomz1nRezm5YPdXiMEzBEKgYn+Q==
  dependencies:
    colorette "^1.2.2"
    nanoid "^3.1.22"
    source-map "^0.6.1"

quill-delta@^3.6.2:
  version "3.6.3"
  resolved "https://registry.yarnpkg.com/quill-delta/-/quill-delta-3.6.3.tgz#b19fd2b89412301c60e1ff213d8d860eac0f1032"
  integrity sha512-wdIGBlcX13tCHOXGMVnnTVFtGRLoP0imqxM696fIPwIf5ODIYUHIvHbZcyvGlZFiFhK5XzDC2lpjbxRhnM05Tg==
  dependencies:
    deep-equal "^1.0.1"
    extend "^3.0.2"
    fast-diff "1.1.2"

quill@^1.3.7:
  version "1.3.7"
  resolved "https://registry.yarnpkg.com/quill/-/quill-1.3.7.tgz#da5b2f3a2c470e932340cdbf3668c9f21f9286e8"
  integrity sha512-hG/DVzh/TiknWtE6QmWAF/pxoZKYxfe3J/d/+ShUWkDvvkZQVTPeVmUJVu1uE6DDooC4fWTiCLh84ul89oNz5g==
  dependencies:
    clone "^2.1.1"
    deep-equal "^1.0.1"
    eventemitter3 "^2.0.3"
    extend "^3.0.2"
    parchment "^1.1.4"
    quill-delta "^3.6.2"

regexp.prototype.flags@^1.2.0:
  version "1.3.1"
  resolved "https://registry.yarnpkg.com/regexp.prototype.flags/-/regexp.prototype.flags-1.3.1.tgz#7ef352ae8d159e758c0eadca6f8fcb4eef07be26"
  integrity sha512-JiBdRBq91WlY7uRJ0ds7R+dU02i6LKi8r3BuQhNXn+kmeLN+EfHhfjqMRis1zJxnlu88hq/4dx0P2OP3APRTOA==
  dependencies:
    call-bind "^1.0.2"
    define-properties "^1.1.3"

remixicon@^2.5.0:
  version "2.5.0"
  resolved "https://registry.yarnpkg.com/remixicon/-/remixicon-2.5.0.tgz#b5e245894a1550aa23793f95daceadbf96ad1a41"
  integrity sha512-q54ra2QutYDZpuSnFjmeagmEiN9IMo56/zz5dDNitzKD23oFRw77cWo4TsrAdmdkPiEn8mxlrTqxnkujDbEGww==

require-relative@^0.8.7:
  version "0.8.7"
  resolved "https://registry.yarnpkg.com/require-relative/-/require-relative-0.8.7.tgz#7999539fc9e047a37928fa196f8e1563dabd36de"
  integrity sha1-eZlTn8ngR6N5KPoZb44VY9q9Nt4=

resolve@^1.19.0:
  version "1.20.0"
  resolved "https://registry.yarnpkg.com/resolve/-/resolve-1.20.0.tgz#629a013fb3f70755d6f0b7935cc1c2c5378b1975"
  integrity sha512-wENBPt4ySzg4ybFQW2TT1zMQucPK95HSh/nq2CFTZVOGut2+pQvSsgtda4d26YrYcr067wjbmzOG8byDPBX63A==
  dependencies:
    is-core-module "^2.2.0"
    path-parse "^1.0.6"

rollup@^2.38.5:
  version "2.44.0"
  resolved "https://registry.yarnpkg.com/rollup/-/rollup-2.44.0.tgz#8da324d1c4fd12beef9ae6e12f4068265b6d95eb"
  integrity sha512-rGSF4pLwvuaH/x4nAS+zP6UNn5YUDWf/TeEU5IoXSZKBbKRNTCI3qMnYXKZgrC0D2KzS2baiOZt1OlqhMu5rnQ==
  optionalDependencies:
    fsevents "~2.3.1"

sade@^1.4.0:
  version "1.7.4"
  resolved "https://registry.yarnpkg.com/sade/-/sade-1.7.4.tgz#ea681e0c65d248d2095c90578c03ca0bb1b54691"
  integrity sha512-y5yauMD93rX840MwUJr7C1ysLFBgMspsdTo4UVrDg3fXDvtwOyIqykhVAAm6fk/3au77773itJStObgK+LKaiA==
  dependencies:
    mri "^1.1.0"

sirv-cli@^0.4.4:
  version "0.4.6"
  resolved "https://registry.yarnpkg.com/sirv-cli/-/sirv-cli-0.4.6.tgz#c28ab20deb3b34637f5a60863dc350f055abca04"
  integrity sha512-/Vj85/kBvPL+n9ibgX6FicLE8VjidC1BhlX67PYPBfbBAphzR6i0k0HtU5c2arejfU3uzq8l3SYPCwl1x7z6Ww==
  dependencies:
    console-clear "^1.1.0"
    get-port "^3.2.0"
    kleur "^3.0.0"
    local-access "^1.0.1"
    sade "^1.4.0"
    sirv "^0.4.6"
    tinydate "^1.0.0"

sirv@^0.4.6:
  version "0.4.6"
  resolved "https://registry.yarnpkg.com/sirv/-/sirv-0.4.6.tgz#185e44eb93d24009dd183b7494285c5180b81f22"
  integrity sha512-rYpOXlNbpHiY4nVXxuDf4mXPvKz1reZGap/LkWp9TvcZ84qD/nPBjjH/6GZsgIjVMbOslnY8YYULAyP8jMn1GQ==
  dependencies:
    "@polka/url" "^0.5.0"
    mime "^2.3.1"

slash@^3.0.0:
  version "3.0.0"
  resolved "https://registry.yarnpkg.com/slash/-/slash-3.0.0.tgz#6539be870c165adbd5240220dbe361f1bc4d4634"
  integrity sha512-g9Q1haeby36OSStwb4ntCGGGaKsaVSjQ68fBxoQcutl5fS1vuY18H3wSt3jFyFtrkx+Kz0V1G85A4MyAdDMi2Q==

source-map@^0.6.1:
  version "0.6.1"
  resolved "https://registry.yarnpkg.com/source-map/-/source-map-0.6.1.tgz#74722af32e9614e9c287a8d0bbde48b5e2f1a263"
  integrity sha512-UjgapumWlbMhkBgzT7Ykc5YXUT46F0iKu8SGXq0bcwP5dz/h0Plj6enJqjz1Zbq2l5WaqYnrVbwWOWMyF3F47g==

source-map@^0.7.3:
  version "0.7.3"
  resolved "https://registry.yarnpkg.com/source-map/-/source-map-0.7.3.tgz#5302f8169031735226544092e64981f751750383"
  integrity sha512-CkCj6giN3S+n9qrYiBTX5gystlENnRW5jZeNLHpe6aue+SrHcG5VYwujhW9s4dY31mEGsxBDrHR6oI69fTXsaQ==

supports-color@^7.1.0:
  version "7.2.0"
  resolved "https://registry.yarnpkg.com/supports-color/-/supports-color-7.2.0.tgz#1b7dcdcb32b8138801b3e478ba6a51caa89648da"
  integrity sha512-qpCAvRl9stuOHveKsn7HncJRvv501qIacKzQlO/+Lwxc9+0q2wLyv4Dfvt80/DPn2pqOBsJdDiogXGR9+OvwRw==
  dependencies:
    has-flag "^4.0.0"

svelte-apexcharts@^1.0.2:
  version "1.0.2"
  resolved "https://registry.yarnpkg.com/svelte-apexcharts/-/svelte-apexcharts-1.0.2.tgz#4e000f8b8f7c901c05658c845457dfc8314d54c1"
  integrity sha512-6qlx4rE+XsonZ0FZudfwqOQ34Pq+3wpxgAD75zgEmGoYhYBJcwmikTuTf3o8ZBsZue9U/pAwhNy3ed1Bkq1gmA==
  dependencies:
    apexcharts "^3.19.2"

svelte-flatpickr@^3.1.0:
  version "3.1.0"
  resolved "https://registry.yarnpkg.com/svelte-flatpickr/-/svelte-flatpickr-3.1.0.tgz#ad83588430dbd55196a1a258b8ba27e7f9c1ee37"
  integrity sha512-zKyV+ukeVuJ8CW0Ing3T19VSekc4bPkou/5Riutt1yATrLvSsanNqcgqi7Q5IePvIoOF9GJ5OtHvn1qK9Wx9BQ==
  dependencies:
    flatpickr "^4.5.2"

svelte-hmr@^0.13.3:
  version "0.13.3"
  resolved "https://registry.yarnpkg.com/svelte-hmr/-/svelte-hmr-0.13.3.tgz#fba5739b477ea44caf70e542a24a4352bee2b897"
  integrity sha512-gagW62pLQ2lULmvNA3pIZu9pBCYOaGu3rQikUOv6Nokz5VxUgT9/mQLfMxj9phDEKHCg/lgr3i6PkqZDbO9P2Q==

svelte@^3.35.0:
  version "3.37.0"
  resolved "https://registry.yarnpkg.com/svelte/-/svelte-3.37.0.tgz#dc7cd24bcc275cdb3f8c684ada89e50489144ccd"
  integrity sha512-TRF30F4W4+d+Jr2KzUUL1j8Mrpns/WM/WacxYlo5MMb2E5Qy2Pk1Guj6GylxsW9OnKQl1tnF8q3hG/hQ3h6VUA==

svg.draggable.js@^2.2.2:
  version "2.2.2"
  resolved "https://registry.yarnpkg.com/svg.draggable.js/-/svg.draggable.js-2.2.2.tgz#c514a2f1405efb6f0263e7958f5b68fce50603ba"
  integrity sha512-JzNHBc2fLQMzYCZ90KZHN2ohXL0BQJGQimK1kGk6AvSeibuKcIdDX9Kr0dT9+UJ5O8nYA0RB839Lhvk4CY4MZw==
  dependencies:
    svg.js "^2.0.1"

svg.easing.js@^2.0.0:
  version "2.0.0"
  resolved "https://registry.yarnpkg.com/svg.easing.js/-/svg.easing.js-2.0.0.tgz#8aa9946b0a8e27857a5c40a10eba4091e5691f12"
  integrity sha1-iqmUawqOJ4V6XEChDrpAkeVpHxI=
  dependencies:
    svg.js ">=2.3.x"

svg.filter.js@^2.0.2:
  version "2.0.2"
  resolved "https://registry.yarnpkg.com/svg.filter.js/-/svg.filter.js-2.0.2.tgz#91008e151389dd9230779fcbe6e2c9a362d1c203"
  integrity sha1-kQCOFROJ3ZIwd5/L5uLJo2LRwgM=
  dependencies:
    svg.js "^2.2.5"

svg.js@>=2.3.x, svg.js@^2.0.1, svg.js@^2.2.5, svg.js@^2.4.0, svg.js@^2.6.5:
  version "2.7.1"
  resolved "https://registry.yarnpkg.com/svg.js/-/svg.js-2.7.1.tgz#eb977ed4737001eab859949b4a398ee1bb79948d"
  integrity sha512-ycbxpizEQktk3FYvn/8BH+6/EuWXg7ZpQREJvgacqn46gIddG24tNNe4Son6omdXCnSOaApnpZw6MPCBA1dODA==

svg.pathmorphing.js@^0.1.3:
  version "0.1.3"
  resolved "https://registry.yarnpkg.com/svg.pathmorphing.js/-/svg.pathmorphing.js-0.1.3.tgz#c25718a1cc7c36e852ecabc380e758ac09bb2b65"
  integrity sha512-49HWI9X4XQR/JG1qXkSDV8xViuTLIWm/B/7YuQELV5KMOPtXjiwH4XPJvr/ghEDibmLQ9Oc22dpWpG0vUDDNww==
  dependencies:
    svg.js "^2.4.0"

svg.resize.js@^1.4.3:
  version "1.4.3"
  resolved "https://registry.yarnpkg.com/svg.resize.js/-/svg.resize.js-1.4.3.tgz#885abd248e0cd205b36b973c4b578b9a36f23332"
  integrity sha512-9k5sXJuPKp+mVzXNvxz7U0uC9oVMQrrf7cFsETznzUDDm0x8+77dtZkWdMfRlmbkEEYvUn9btKuZ3n41oNA+uw==
  dependencies:
    svg.js "^2.6.5"
    svg.select.js "^2.1.2"

svg.select.js@^2.1.2:
  version "2.1.2"
  resolved "https://registry.yarnpkg.com/svg.select.js/-/svg.select.js-2.1.2.tgz#e41ce13b1acff43a7441f9f8be87a2319c87be73"
  integrity sha512-tH6ABEyJsAOVAhwcCjF8mw4crjXSI1aa7j2VQR8ZuJ37H2MBUbyeqYr5nEO7sSN3cy9AR9DUwNg0t/962HlDbQ==
  dependencies:
    svg.js "^2.2.5"

svg.select.js@^3.0.1:
  version "3.0.1"
  resolved "https://registry.yarnpkg.com/svg.select.js/-/svg.select.js-3.0.1.tgz#a4198e359f3825739226415f82176a90ea5cc917"
  integrity sha512-h5IS/hKkuVCbKSieR9uQCj9w+zLHoPh+ce19bBYyqF53g6mnPB8sAtIbe1s9dh2S2fCmYX2xel1Ln3PJBbK4kw==
  dependencies:
    svg.js "^2.6.5"

tinydate@^1.0.0:
  version "1.3.0"
  resolved "https://registry.yarnpkg.com/tinydate/-/tinydate-1.3.0.tgz#e6ca8e5a22b51bb4ea1c3a2a4fd1352dbd4c57fb"
  integrity sha512-7cR8rLy2QhYHpsBDBVYnnWXm8uRTr38RoZakFSW7Bs7PzfMPNZthuMLkwqZv7MTu8lhQ91cOFYS5a7iFj2oR3w==

turndown@^7.0.0:
  version "7.0.0"
  resolved "https://registry.yarnpkg.com/turndown/-/turndown-7.0.0.tgz#19b2a6a2d1d700387a1e07665414e4af4fec5225"
  integrity sha512-G1FfxfR0mUNMeGjszLYl3kxtopC4O9DRRiMlMDDVHvU1jaBkGFg4qxIyjIk2aiKLHyDyZvZyu4qBO2guuYBy3Q==
  dependencies:
    domino "^2.1.6"

uc.micro@^1.0.1, uc.micro@^1.0.5:
  version "1.0.6"
  resolved "https://registry.yarnpkg.com/uc.micro/-/uc.micro-1.0.6.tgz#9c411a802a409a91fc6cf74081baba34b24499ac"
  integrity sha512-8Y75pvTYkLJW2hWQHXxoqRgV7qb9B+9vFEtidML+7koHUFapnVJAZ6cKs+Qjz5Aw3aZWHMC6u0wJE3At+nSGwA==

vite@^2.1.5:
  version "2.1.5"
  resolved "https://registry.yarnpkg.com/vite/-/vite-2.1.5.tgz#4857da441c62f7982c83cbd5f42a00330f20c9c1"
  integrity sha512-tYU5iaYeUgQYvK/CNNz3tiJ8vYqPWfCE9IQ7K0iuzYovWw7lzty7KRYGWwV3CQPh0NKxWjOczAqiJsCL0Xb+Og==
  dependencies:
    esbuild "^0.9.3"
    postcss "^8.2.1"
    resolve "^1.19.0"
    rollup "^2.38.5"
  optionalDependencies:
    fsevents "~2.3.1"
