{
  "name": "masterui",
  "version": "1.0.0",
  "lockfileVersion": 1,
  "requires": true,
  "dependencies": {
    "@budibase/materialdesign-components": {
      "version": "0.0.16",
      "resolved": "https://registry.npmjs.org/@budibase/materialdesign-components/-/materialdesign-components-0.0.16.tgz",
      "integrity": "sha512-4nXZ2UXJNgZwcbl3ZvE+vLWbwpId6Xg0QIO1bsh8Kh9aRE2oX2oWwr/+f6PT4AcCeM+oU144maXPgK2a8k1e7Q==",
      "requires": {
        "@material/checkbox": "^4.0.0",
        "@material/data-table": "4.0.0",
        "@material/form-field": "^4.0.0",
        "@material/radio": "^4.0.0",
        "@material/textfield": "^4.0.0"
      }
    },
    "@budibase/standard-components": {
      "version": "0.0.16",
      "resolved": "https://registry.npmjs.org/@budibase/standard-components/-/standard-components-0.0.16.tgz",
      "integrity": "sha512-QSbnuAfBa1+lWgBZiY2WbD8NUh3/WAuh6HWmFlcKCrVblPFH/3nz3fGuWKRFbvz8uZvWaai6pC3Es4NiefUViw=="
    },
    "@material/animation": {
      "version": "4.0.0",
      "resolved": "https://registry.npmjs.org/@material/animation/-/animation-4.0.0.tgz",
      "integrity": "sha512-IfzXzstWdtKQcsNWu+s2Hpz5dBwkTHtgtzoesr+FC7TqENH+SJdsF1ntnZI1XVi2C9ZlBf7f4BSmXpWHD0MIlw==",
      "requires": {
        "tslib": "^1.9.3"
      }
    },
    "@material/base": {
      "version": "4.0.0",
      "resolved": "https://registry.npmjs.org/@material/base/-/base-4.0.0.tgz",
      "integrity": "sha512-vHm7fkqXzjdfxifXvlmaZColoIfKuWmO+1rvdzDORTWP+A8Dq70cgKd2I1SBqxzDGjOasMzHbQI6f9MISQf2vQ==",
      "requires": {
        "tslib": "^1.9.3"
      }
    },
    "@material/checkbox": {
      "version": "4.0.0",
      "resolved": "https://registry.npmjs.org/@material/checkbox/-/checkbox-4.0.0.tgz",
      "integrity": "sha512-2ONHncYAmyIQewvedKDJGeiMvLjmX7wBH5Lx0OBYSwa9nuwjXGWEQR8tNOHIZzevV+nPyGexl6HyvgZ2QNUVZg==",
      "requires": {
        "@material/animation": "^4.0.0",
        "@material/base": "^4.0.0",
        "@material/density": "^4.0.0",
        "@material/dom": "^4.0.0",
        "@material/feature-targeting": "^4.0.0",
        "@material/ripple": "^4.0.0",
        "@material/theme": "^4.0.0",
        "@material/touch-target": "^4.0.0",
        "tslib": "^1.9.3"
      }
    },
    "@material/data-table": {
      "version": "4.0.0",
      "resolved": "https://registry.npmjs.org/@material/data-table/-/data-table-4.0.0.tgz",
      "integrity": "sha512-tCjdynaqPATCIi8YWOCo9ie8tyHlxlIpyfMuRx3dVD90P8aIdNEc74LoeAQc2TuOwKZJJqG8WYkA2p6uUNaz2Q==",
      "requires": {
        "@material/animation": "^4.0.0",
        "@material/base": "^4.0.0",
        "@material/checkbox": "^4.0.0",
        "@material/density": "^4.0.0",
        "@material/dom": "^4.0.0",
        "@material/elevation": "^4.0.0",
        "@material/feature-targeting": "^4.0.0",
        "@material/ripple": "^4.0.0",
        "@material/rtl": "^4.0.0",
        "@material/shape": "^4.0.0",
        "@material/theme": "^4.0.0",
        "@material/typography": "^4.0.0",
        "tslib": "^1.10.0"
      }
    },
    "@material/density": {
      "version": "4.0.0",
      "resolved": "https://registry.npmjs.org/@material/density/-/density-4.0.0.tgz",
      "integrity": "sha512-PuOCPCXlWjimTq+OuCS8biAb1JE9aXCZwT1dRG9REAIAK7bN8KeeTzkeJp6jTj+ggZjWphwKF0lKeX6Gv+e/lw=="
    },
    "@material/dom": {
      "version": "4.0.0",
      "resolved": "https://registry.npmjs.org/@material/dom/-/dom-4.0.0.tgz",
      "integrity": "sha512-GRCJT9+PGWqygZwGf1XLTrbmzP35YWG7+T0hpfhoIJO8VDiMTeyfvhJXFuA2wh9pD0noEjte0lmbdBlykrbWZw==",
      "requires": {
        "tslib": "^1.9.3"
      }
    },
    "@material/elevation": {
      "version": "4.0.0",
      "resolved": "https://registry.npmjs.org/@material/elevation/-/elevation-4.0.0.tgz",
      "integrity": "sha512-wKffoZcqkwAMWYbfGJJ95RDeOFz/IMvF7ye4VamjUwLb1iPiKxUZKUcd40XpuEvsn794HSIEWfGDsRq7BxJAMQ==",
      "requires": {
        "@material/animation": "^4.0.0",
        "@material/feature-targeting": "^4.0.0",
        "@material/theme": "^4.0.0"
      }
    },
    "@material/feature-targeting": {
      "version": "4.0.0",
      "resolved": "https://registry.npmjs.org/@material/feature-targeting/-/feature-targeting-4.0.0.tgz",
      "integrity": "sha512-0gk+f151vqmEdWkrQ9ocPlQRU9aUtSGsVBhletqIbsthLUsZIz9qk25FHjV1wHd/bGHknd9NH+T8ENprv3KLFg=="
    },
    "@material/floating-label": {
      "version": "4.0.0",
      "resolved": "https://registry.npmjs.org/@material/floating-label/-/floating-label-4.0.0.tgz",
      "integrity": "sha512-ovuZKhH7U+YmZk8kXftYCdEaU9InJdkBsPe4TP+dg4HiO1lWmd7ZxVsMo6iTl4yaFofkBPj3VDkbE1fLnHxKPA==",
      "requires": {
        "@material/animation": "^4.0.0",
        "@material/base": "^4.0.0",
        "@material/rtl": "^4.0.0",
        "@material/theme": "^4.0.0",
        "@material/typography": "^4.0.0",
        "tslib": "^1.9.3"
      }
    },
    "@material/form-field": {
      "version": "4.0.0",
      "resolved": "https://registry.npmjs.org/@material/form-field/-/form-field-4.0.0.tgz",
      "integrity": "sha512-M5+c7mitD4NIH+3kU2+uX1mUJJJPNYSUN3bAmhjbMxMISY9jkrbv9k5T9jlWRaIqvO6qJ1aDFOQASV8CsWstYQ==",
      "requires": {
        "@material/base": "^4.0.0",
        "@material/feature-targeting": "^4.0.0",
        "@material/ripple": "^4.0.0",
        "@material/rtl": "^4.0.0",
        "@material/theme": "^4.0.0",
        "@material/typography": "^4.0.0",
        "tslib": "^1.9.3"
      }
    },
    "@material/line-ripple": {
      "version": "4.0.0",
      "resolved": "https://registry.npmjs.org/@material/line-ripple/-/line-ripple-4.0.0.tgz",
      "integrity": "sha512-+vrgKlb2gUBIKxlzVKLn/tX76qJ0Z19RkH2i7mh4IdH8KxeEai8NQQYWqeOOKtyp8JbH0ObGyqJCwPo2VbHDmw==",
      "requires": {
        "@material/animation": "^4.0.0",
        "@material/base": "^4.0.0",
        "@material/theme": "^4.0.0",
        "tslib": "^1.9.3"
      }
    },
    "@material/notched-outline": {
      "version": "4.0.0",
      "resolved": "https://registry.npmjs.org/@material/notched-outline/-/notched-outline-4.0.0.tgz",
      "integrity": "sha512-9WNG7dZS83nu72kmoknA3XyvZQIxx8QBjEB2Q2KGyRp4Q8zrzWxfcvTYgiOsYgvz013JnTqaqe4g0wjl6v789g==",
      "requires": {
        "@material/base": "^4.0.0",
        "@material/floating-label": "^4.0.0",
        "@material/rtl": "^4.0.0",
        "@material/shape": "^4.0.0",
        "@material/theme": "^4.0.0",
        "tslib": "^1.9.3"
      }
    },
    "@material/radio": {
      "version": "4.0.0",
      "resolved": "https://registry.npmjs.org/@material/radio/-/radio-4.0.0.tgz",
      "integrity": "sha512-3+TkORjxHwhI1SdiBWG3uvfx87LNBFlLMqLJISQsEUegUWGChNnp1DnkZIUqAJ1lXBHZsCjJFUrxKWE4RZ5hVA==",
      "requires": {
        "@material/animation": "^4.0.0",
        "@material/base": "^4.0.0",
        "@material/density": "^4.0.0",
        "@material/dom": "^4.0.0",
        "@material/feature-targeting": "^4.0.0",
        "@material/ripple": "^4.0.0",
        "@material/theme": "^4.0.0",
        "@material/touch-target": "^4.0.0",
        "tslib": "^1.9.3"
      }
    },
    "@material/ripple": {
      "version": "4.0.0",
      "resolved": "https://registry.npmjs.org/@material/ripple/-/ripple-4.0.0.tgz",
      "integrity": "sha512-9BLIOvyCP5sM+fQpLlcJZWyrHguusJq8E5A1pxg0wQwputOyaPBM7recHhYkJmVjzRpTcPgf1PkvkpN6DKGcNg==",
      "requires": {
        "@material/animation": "^4.0.0",
        "@material/base": "^4.0.0",
        "@material/dom": "^4.0.0",
        "@material/feature-targeting": "^4.0.0",
        "@material/theme": "^4.0.0",
        "tslib": "^1.9.3"
      }
    },
    "@material/rtl": {
      "version": "4.0.0",
      "resolved": "https://registry.npmjs.org/@material/rtl/-/rtl-4.0.0.tgz",
      "integrity": "sha512-AP8zByVDEWAJVJoxByVccUbH+BX24IeG7ol+L6Qd8JjzPpz1fzPVJ4BeDNaF0a6sXtHsRmj2zN5dsx/BGC3IHg=="
    },
    "@material/shape": {
      "version": "4.0.0",
      "resolved": "https://registry.npmjs.org/@material/shape/-/shape-4.0.0.tgz",
      "integrity": "sha512-wmr05YBrEL462QPiJ+t9xh5RqxzylXYo/8DVZnb/1WA9GZ6m38UK/8Awtip1cZAN34pzD/9p5AydyywlQVoI+g==",
      "requires": {
        "@material/feature-targeting": "^4.0.0"
      }
    },
    "@material/textfield": {
      "version": "4.0.0",
      "resolved": "https://registry.npmjs.org/@material/textfield/-/textfield-4.0.0.tgz",
      "integrity": "sha512-1Xg+nriTqFB8+5k8sGkR8LBeD3dRgNuhvwyU8XrUeAs5l/HMfn4CWgbEyZTaJ2EEtFPxnKGedAYqCEwXngwGWg==",
      "requires": {
        "@material/animation": "^4.0.0",
        "@material/base": "^4.0.0",
        "@material/density": "^4.0.0",
        "@material/dom": "^4.0.0",
        "@material/floating-label": "^4.0.0",
        "@material/line-ripple": "^4.0.0",
        "@material/notched-outline": "^4.0.0",
        "@material/ripple": "^4.0.0",
        "@material/rtl": "^4.0.0",
        "@material/shape": "^4.0.0",
        "@material/theme": "^4.0.0",
        "@material/typography": "^4.0.0",
        "tslib": "^1.9.3"
      }
    },
    "@material/theme": {
      "version": "4.0.0",
      "resolved": "https://registry.npmjs.org/@material/theme/-/theme-4.0.0.tgz",
      "integrity": "sha512-vS4G4rusJTatTH50kSYO1U3UGN8EY9kGRvPaFsEFKikJBOqcR6KWK9H9/wCLqqd6nDNifEj9H2sdWw1AV4NA6Q==",
      "requires": {
        "@material/feature-targeting": "^4.0.0"
      }
    },
    "@material/touch-target": {
      "version": "4.0.0",
      "resolved": "https://registry.npmjs.org/@material/touch-target/-/touch-target-4.0.0.tgz",
      "integrity": "sha512-TM8xK1WwTZtP4vYQ7E7aZLdGKyP1GuG5Ilb0qlytX/gmC8Di/kRn6muDSZyeCCUcMXYth5Et0ceWtpNrcAQHMQ==",
      "requires": {
        "@material/feature-targeting": "^4.0.0"
      }
    },
    "@material/typography": {
      "version": "4.0.0",
      "resolved": "https://registry.npmjs.org/@material/typography/-/typography-4.0.0.tgz",
      "integrity": "sha512-lUG4yjG9fl1ryNX4OVnOmi+EjhiV4WsWcYt4yzffHrFg1RfKuCAV59j7TtmlMfZIkNDwqK5jvk3oOpTRDFpL8Q==",
      "requires": {
        "@material/feature-targeting": "^4.0.0"
      }
    },
    "tslib": {
      "version": "1.11.0",
      "resolved": "https://registry.npmjs.org/tslib/-/tslib-1.11.0.tgz",
      "integrity": "sha512-BmndXUtiTn/VDDrJzQE7Mm22Ix3PxgLltW9bSNLoeCY31gnG2OPx0QqJnuc9oMIKioYrz487i6K9o4Pdn0j+Kg=="
    }
  }
}
