# THIS IS AN AUTOGENERATED FILE. DO NOT EDIT THIS FILE DIRECTLY.
# yarn lockfile v1


"@budibase/materialdesign-components@^0.0.16":
  version "0.0.16"
  resolved "https://registry.yarnpkg.com/@budibase/materialdesign-components/-/materialdesign-components-0.0.16.tgz#4d4fef9bce0b19ca293ba490296bfdeb5041ca93"
  integrity sha512-4nXZ2UXJNgZwcbl3ZvE+vLWbwpId6Xg0QIO1bsh8Kh9aRE2oX2oWwr/+f6PT4AcCeM+oU144maXPgK2a8k1e7Q==
  dependencies:
    "@material/checkbox" "^4.0.0"
    "@material/data-table" "4.0.0"
    "@material/form-field" "^4.0.0"
    "@material/radio" "^4.0.0"
    "@material/textfield" "^4.0.0"

"@budibase/standard-components@^0.0.16":
  version "0.0.16"
  resolved "https://registry.yarnpkg.com/@budibase/standard-components/-/standard-components-0.0.16.tgz#8d25471c44304183cd45e1546897b4260e9e5f39"
  integrity sha512-QSbnuAfBa1+lWgBZiY2WbD8NUh3/WAuh6HWmFlcKCrVblPFH/3nz3fGuWKRFbvz8uZvWaai6pC3Es4NiefUViw==

"@material/animation@^4.0.0":
  version "4.0.0"
  resolved "https://registry.yarnpkg.com/@material/animation/-/animation-4.0.0.tgz#19eaf377809f20978f8452a4237d27867d3ffd1d"
  integrity sha512-IfzXzstWdtKQcsNWu+s2Hpz5dBwkTHtgtzoesr+FC7TqENH+SJdsF1ntnZI1XVi2C9ZlBf7f4BSmXpWHD0MIlw==
  dependencies:
    tslib "^1.9.3"

"@material/base@^4.0.0":
  version "4.0.0"
  resolved "https://registry.yarnpkg.com/@material/base/-/base-4.0.0.tgz#535574d0b63c18892cfb70e88b27bc8f8090677a"
  integrity sha512-vHm7fkqXzjdfxifXvlmaZColoIfKuWmO+1rvdzDORTWP+A8Dq70cgKd2I1SBqxzDGjOasMzHbQI6f9MISQf2vQ==
  dependencies:
    tslib "^1.9.3"

"@material/checkbox@^4.0.0":
  version "4.0.0"
  resolved "https://registry.yarnpkg.com/@material/checkbox/-/checkbox-4.0.0.tgz#1fd5826f008685ea8d9899fea0606ecf65be9a26"
  integrity sha512-2ONHncYAmyIQewvedKDJGeiMvLjmX7wBH5Lx0OBYSwa9nuwjXGWEQR8tNOHIZzevV+nPyGexl6HyvgZ2QNUVZg==
  dependencies:
    "@material/animation" "^4.0.0"
    "@material/base" "^4.0.0"
    "@material/density" "^4.0.0"
    "@material/dom" "^4.0.0"
    "@material/feature-targeting" "^4.0.0"
    "@material/ripple" "^4.0.0"
    "@material/theme" "^4.0.0"
    "@material/touch-target" "^4.0.0"
    tslib "^1.9.3"

"@material/data-table@4.0.0":
  version "4.0.0"
  resolved "https://registry.yarnpkg.com/@material/data-table/-/data-table-4.0.0.tgz#9ad3fe1e05cd893ac097a73c312d1201ea2a07d6"
  integrity sha512-tCjdynaqPATCIi8YWOCo9ie8tyHlxlIpyfMuRx3dVD90P8aIdNEc74LoeAQc2TuOwKZJJqG8WYkA2p6uUNaz2Q==
  dependencies:
    "@material/animation" "^4.0.0"
    "@material/base" "^4.0.0"
    "@material/checkbox" "^4.0.0"
    "@material/density" "^4.0.0"
    "@material/dom" "^4.0.0"
    "@material/elevation" "^4.0.0"
    "@material/feature-targeting" "^4.0.0"
    "@material/ripple" "^4.0.0"
    "@material/rtl" "^4.0.0"
    "@material/shape" "^4.0.0"
    "@material/theme" "^4.0.0"
    "@material/typography" "^4.0.0"
    tslib "^1.10.0"

"@material/density@^4.0.0":
  version "4.0.0"
  resolved "https://registry.yarnpkg.com/@material/density/-/density-4.0.0.tgz#5bc4bba6c1232f6e075c88295357e6ebdee4353f"
  integrity sha512-PuOCPCXlWjimTq+OuCS8biAb1JE9aXCZwT1dRG9REAIAK7bN8KeeTzkeJp6jTj+ggZjWphwKF0lKeX6Gv+e/lw==

"@material/dom@^4.0.0":
  version "4.0.0"
  resolved "https://registry.yarnpkg.com/@material/dom/-/dom-4.0.0.tgz#f0e68c4429e555040304c958bb3e11614276fdfa"
  integrity sha512-GRCJT9+PGWqygZwGf1XLTrbmzP35YWG7+T0hpfhoIJO8VDiMTeyfvhJXFuA2wh9pD0noEjte0lmbdBlykrbWZw==
  dependencies:
    tslib "^1.9.3"

"@material/elevation@^4.0.0":
  version "4.0.0"
  resolved "https://registry.yarnpkg.com/@material/elevation/-/elevation-4.0.0.tgz#58ba81c8c9efd0b5d3bfed7fa915d4930d814b97"
  integrity sha512-wKffoZcqkwAMWYbfGJJ95RDeOFz/IMvF7ye4VamjUwLb1iPiKxUZKUcd40XpuEvsn794HSIEWfGDsRq7BxJAMQ==
  dependencies:
    "@material/animation" "^4.0.0"
    "@material/feature-targeting" "^4.0.0"
    "@material/theme" "^4.0.0"

"@material/feature-targeting@^4.0.0":
  version "4.0.0"
  resolved "https://registry.yarnpkg.com/@material/feature-targeting/-/feature-targeting-4.0.0.tgz#8d9d1470801a1fd166773731613d9fa89e0fd85e"
  integrity sha512-0gk+f151vqmEdWkrQ9ocPlQRU9aUtSGsVBhletqIbsthLUsZIz9qk25FHjV1wHd/bGHknd9NH+T8ENprv3KLFg==

"@material/floating-label@^4.0.0":
  version "4.0.0"
  resolved "https://registry.yarnpkg.com/@material/floating-label/-/floating-label-4.0.0.tgz#288eac6b82ff472472f678032fc94024155a42c8"
  integrity sha512-ovuZKhH7U+YmZk8kXftYCdEaU9InJdkBsPe4TP+dg4HiO1lWmd7ZxVsMo6iTl4yaFofkBPj3VDkbE1fLnHxKPA==
  dependencies:
    "@material/animation" "^4.0.0"
    "@material/base" "^4.0.0"
    "@material/rtl" "^4.0.0"
    "@material/theme" "^4.0.0"
    "@material/typography" "^4.0.0"
    tslib "^1.9.3"

"@material/form-field@^4.0.0":
  version "4.0.0"
  resolved "https://registry.yarnpkg.com/@material/form-field/-/form-field-4.0.0.tgz#196dc80fa35876ee2d6e4321e8186429ae9401bb"
  integrity sha512-M5+c7mitD4NIH+3kU2+uX1mUJJJPNYSUN3bAmhjbMxMISY9jkrbv9k5T9jlWRaIqvO6qJ1aDFOQASV8CsWstYQ==
  dependencies:
    "@material/base" "^4.0.0"
    "@material/feature-targeting" "^4.0.0"
    "@material/ripple" "^4.0.0"
    "@material/rtl" "^4.0.0"
    "@material/theme" "^4.0.0"
    "@material/typography" "^4.0.0"
    tslib "^1.9.3"

"@material/line-ripple@^4.0.0":
  version "4.0.0"
  resolved "https://registry.yarnpkg.com/@material/line-ripple/-/line-ripple-4.0.0.tgz#e47eb1fe3ce7e28b36e5271c879dc59fee3bd19b"
  integrity sha512-+vrgKlb2gUBIKxlzVKLn/tX76qJ0Z19RkH2i7mh4IdH8KxeEai8NQQYWqeOOKtyp8JbH0ObGyqJCwPo2VbHDmw==
  dependencies:
    "@material/animation" "^4.0.0"
    "@material/base" "^4.0.0"
    "@material/theme" "^4.0.0"
    tslib "^1.9.3"

"@material/notched-outline@^4.0.0":
  version "4.0.0"
  resolved "https://registry.yarnpkg.com/@material/notched-outline/-/notched-outline-4.0.0.tgz#63c8d1f856de032b3c9a9f2654419de86f4b2b4a"
  integrity sha512-9WNG7dZS83nu72kmoknA3XyvZQIxx8QBjEB2Q2KGyRp4Q8zrzWxfcvTYgiOsYgvz013JnTqaqe4g0wjl6v789g==
  dependencies:
    "@material/base" "^4.0.0"
    "@material/floating-label" "^4.0.0"
    "@material/rtl" "^4.0.0"
    "@material/shape" "^4.0.0"
    "@material/theme" "^4.0.0"
    tslib "^1.9.3"

"@material/radio@^4.0.0":
  version "4.0.0"
  resolved "https://registry.yarnpkg.com/@material/radio/-/radio-4.0.0.tgz#04ba5cddcac5540d32b33474c4a5eb50b4bd7860"
  integrity sha512-3+TkORjxHwhI1SdiBWG3uvfx87LNBFlLMqLJISQsEUegUWGChNnp1DnkZIUqAJ1lXBHZsCjJFUrxKWE4RZ5hVA==
  dependencies:
    "@material/animation" "^4.0.0"
    "@material/base" "^4.0.0"
    "@material/density" "^4.0.0"
    "@material/dom" "^4.0.0"
    "@material/feature-targeting" "^4.0.0"
    "@material/ripple" "^4.0.0"
    "@material/theme" "^4.0.0"
    "@material/touch-target" "^4.0.0"
    tslib "^1.9.3"

"@material/ripple@^4.0.0":
  version "4.0.0"
  resolved "https://registry.yarnpkg.com/@material/ripple/-/ripple-4.0.0.tgz#906ba421a3e6c68651d829d44c50a95060aa1e75"
  integrity sha512-9BLIOvyCP5sM+fQpLlcJZWyrHguusJq8E5A1pxg0wQwputOyaPBM7recHhYkJmVjzRpTcPgf1PkvkpN6DKGcNg==
  dependencies:
    "@material/animation" "^4.0.0"
    "@material/base" "^4.0.0"
    "@material/dom" "^4.0.0"
    "@material/feature-targeting" "^4.0.0"
    "@material/theme" "^4.0.0"
    tslib "^1.9.3"

"@material/rtl@^4.0.0":
  version "4.0.0"
  resolved "https://registry.yarnpkg.com/@material/rtl/-/rtl-4.0.0.tgz#bc07e0a7c47174b2542862c252b0e35b44329c47"
  integrity sha512-AP8zByVDEWAJVJoxByVccUbH+BX24IeG7ol+L6Qd8JjzPpz1fzPVJ4BeDNaF0a6sXtHsRmj2zN5dsx/BGC3IHg==

"@material/shape@^4.0.0":
  version "4.0.0"
  resolved "https://registry.yarnpkg.com/@material/shape/-/shape-4.0.0.tgz#ddf4dcbfd290d367f80b26014fee0a1f490dc3cb"
  integrity sha512-wmr05YBrEL462QPiJ+t9xh5RqxzylXYo/8DVZnb/1WA9GZ6m38UK/8Awtip1cZAN34pzD/9p5AydyywlQVoI+g==
  dependencies:
    "@material/feature-targeting" "^4.0.0"

"@material/textfield@^4.0.0":
  version "4.0.0"
  resolved "https://registry.yarnpkg.com/@material/textfield/-/textfield-4.0.0.tgz#3b39a1ed1aee166b0eb757237ef1359eba312f36"
  integrity sha512-1Xg+nriTqFB8+5k8sGkR8LBeD3dRgNuhvwyU8XrUeAs5l/HMfn4CWgbEyZTaJ2EEtFPxnKGedAYqCEwXngwGWg==
  dependencies:
    "@material/animation" "^4.0.0"
    "@material/base" "^4.0.0"
    "@material/density" "^4.0.0"
    "@material/dom" "^4.0.0"
    "@material/floating-label" "^4.0.0"
    "@material/line-ripple" "^4.0.0"
    "@material/notched-outline" "^4.0.0"
    "@material/ripple" "^4.0.0"
    "@material/rtl" "^4.0.0"
    "@material/shape" "^4.0.0"
    "@material/theme" "^4.0.0"
    "@material/typography" "^4.0.0"
    tslib "^1.9.3"

"@material/theme@^4.0.0":
  version "4.0.0"
  resolved "https://registry.yarnpkg.com/@material/theme/-/theme-4.0.0.tgz#8de388fcdbae20fd09b02a3bdef3049bf2f623a8"
  integrity sha512-vS4G4rusJTatTH50kSYO1U3UGN8EY9kGRvPaFsEFKikJBOqcR6KWK9H9/wCLqqd6nDNifEj9H2sdWw1AV4NA6Q==
  dependencies:
    "@material/feature-targeting" "^4.0.0"

"@material/touch-target@^4.0.0":
  version "4.0.0"
  resolved "https://registry.yarnpkg.com/@material/touch-target/-/touch-target-4.0.0.tgz#a7c8dea3dfdb9c13ca81a90ea7e0af33cf7e40ba"
  integrity sha512-TM8xK1WwTZtP4vYQ7E7aZLdGKyP1GuG5Ilb0qlytX/gmC8Di/kRn6muDSZyeCCUcMXYth5Et0ceWtpNrcAQHMQ==
  dependencies:
    "@material/feature-targeting" "^4.0.0"

"@material/typography@^4.0.0":
  version "4.0.0"
  resolved "https://registry.yarnpkg.com/@material/typography/-/typography-4.0.0.tgz#57be7ac8b819f2ae29d48c9443b113d2f5585ecc"
  integrity sha512-lUG4yjG9fl1ryNX4OVnOmi+EjhiV4WsWcYt4yzffHrFg1RfKuCAV59j7TtmlMfZIkNDwqK5jvk3oOpTRDFpL8Q==
  dependencies:
    "@material/feature-targeting" "^4.0.0"

tslib@^1.10.0, tslib@^1.9.3:
  version "1.11.0"
  resolved "https://registry.yarnpkg.com/tslib/-/tslib-1.11.0.tgz#f1f3528301621a53220d58373ae510ff747a66bc"
  integrity sha512-BmndXUtiTn/VDDrJzQE7Mm22Ix3PxgLltW9bSNLoeCY31gnG2OPx0QqJnuc9oMIKioYrz487i6K9o4Pdn0j+Kg==
