# THIS IS AN AUTOGENERATED FILE. DO NOT EDIT THIS FILE DIRECTLY.
# yarn lockfile v1


"@budibase/client@file:../../../client":
  version "0.0.24"
  dependencies:
    "@nx-js/compiler-util" "^2.0.0"
    bcryptjs "^2.4.3"
    deep-equal "^2.0.1"
    lodash "^4.17.15"
    lunr "^2.3.5"
    regexparam "^1.3.0"
    shortid "^2.2.8"
    svelte "^3.9.2"

"@budibase/standard-components@file:../../../standard-components":
  version "0.0.24"

"@nx-js/compiler-util@^2.0.0":
  version "2.0.0"
  resolved "https://registry.yarnpkg.com/@nx-js/compiler-util/-/compiler-util-2.0.0.tgz#c74c12165fa2f017a292bb79af007e8fce0af297"
  integrity sha512-AxSQbwj9zqt8DYPZ6LwZdytqnwfiOEdcFdq4l8sdjkZmU2clTht7RDLCI8xvkp7KqgcNaOGlTeCM55TULWruyQ==

bcryptjs@^2.4.3:
  version "2.4.3"
  resolved "https://registry.yarnpkg.com/bcryptjs/-/bcryptjs-2.4.3.tgz#9ab5627b93e60621ff7cdac5da9733027df1d0cb"
  integrity sha1-mrVie5PmBiH/fNrF2pczAn3x0Ms=

deep-equal@^2.0.1:
  version "2.0.1"
  resolved "https://registry.yarnpkg.com/deep-equal/-/deep-equal-2.0.1.tgz#fc12bbd6850e93212f21344748682ccc5a8813cf"
  integrity sha512-7Et6r6XfNW61CPPCIYfm1YPGSmh6+CliYeL4km7GWJcpX5LTAflGF8drLLR+MZX+2P3NZfAfSduutBbSWqER4g==
  dependencies:
    es-abstract "^1.16.3"
    es-get-iterator "^1.0.1"
    is-arguments "^1.0.4"
    is-date-object "^1.0.1"
    is-regex "^1.0.4"
    isarray "^2.0.5"
    object-is "^1.0.1"
    object-keys "^1.1.1"
    regexp.prototype.flags "^1.2.0"
    side-channel "^1.0.1"
    which-boxed-primitive "^1.0.1"
    which-collection "^1.0.0"

define-properties@^1.1.2, define-properties@^1.1.3:
  version "1.1.3"
  resolved "https://registry.yarnpkg.com/define-properties/-/define-properties-1.1.3.tgz#cf88da6cbee26fe6db7094f61d870cbd84cee9f1"
  integrity sha512-3MqfYKj2lLzdMSf8ZIZE/V+Zuy+BgD6f164e8K2w7dgnpKArBDerGYpM46IYYcjnkdPNMjPk9A6VFB8+3SKlXQ==
  dependencies:
    object-keys "^1.0.12"

es-abstract@^1.16.3, es-abstract@^1.17.0-next.1, es-abstract@^1.17.4:
  version "1.17.4"
  resolved "https://registry.yarnpkg.com/es-abstract/-/es-abstract-1.17.4.tgz#e3aedf19706b20e7c2594c35fc0d57605a79e184"
  integrity sha512-Ae3um/gb8F0mui/jPL+QiqmglkUsaQf7FwBEHYIFkztkneosu9imhqHpBzQ3h1vit8t5iQ74t6PEVvphBZiuiQ==
  dependencies:
    es-to-primitive "^1.2.1"
    function-bind "^1.1.1"
    has "^1.0.3"
    has-symbols "^1.0.1"
    is-callable "^1.1.5"
    is-regex "^1.0.5"
    object-inspect "^1.7.0"
    object-keys "^1.1.1"
    object.assign "^4.1.0"
    string.prototype.trimleft "^2.1.1"
    string.prototype.trimright "^2.1.1"

es-get-iterator@^1.0.1:
  version "1.1.0"
  resolved "https://registry.yarnpkg.com/es-get-iterator/-/es-get-iterator-1.1.0.tgz#bb98ad9d6d63b31aacdc8f89d5d0ee57bcb5b4c8"
  integrity sha512-UfrmHuWQlNMTs35e1ypnvikg6jCz3SK8v8ImvmDsh36fCVUR1MqoFDiyn0/k52C8NqO3YsO8Oe0azeesNuqSsQ==
  dependencies:
    es-abstract "^1.17.4"
    has-symbols "^1.0.1"
    is-arguments "^1.0.4"
    is-map "^2.0.1"
    is-set "^2.0.1"
    is-string "^1.0.5"
    isarray "^2.0.5"

es-to-primitive@^1.2.1:
  version "1.2.1"
  resolved "https://registry.yarnpkg.com/es-to-primitive/-/es-to-primitive-1.2.1.tgz#e55cd4c9cdc188bcefb03b366c736323fc5c898a"
  integrity sha512-QCOllgZJtaUo9miYBcLChTUaHNjJF3PYs1VidD7AwiEj1kYxKeQTctLAezAOH5ZKRH0g2IgPn6KwB4IT8iRpvA==
  dependencies:
    is-callable "^1.1.4"
    is-date-object "^1.0.1"
    is-symbol "^1.0.2"

function-bind@^1.1.1:
  version "1.1.1"
  resolved "https://registry.yarnpkg.com/function-bind/-/function-bind-1.1.1.tgz#a56899d3ea3c9bab874bb9773b7c5ede92f4895d"
  integrity sha512-yIovAzMX49sF8Yl58fSCWJ5svSLuaibPxXQJFLmBObTuCr0Mf1KiPopGM9NiFjiYBCbfaa2Fh6breQ6ANVTI0A==

has-symbols@^1.0.0, has-symbols@^1.0.1:
  version "1.0.1"
  resolved "https://registry.yarnpkg.com/has-symbols/-/has-symbols-1.0.1.tgz#9f5214758a44196c406d9bd76cebf81ec2dd31e8"
  integrity sha512-PLcsoqu++dmEIZB+6totNFKq/7Do+Z0u4oT0zKOJNl3lYK6vGwwu2hjHs+68OEZbTjiUE9bgOABXbP/GvrS0Kg==

has@^1.0.3:
  version "1.0.3"
  resolved "https://registry.yarnpkg.com/has/-/has-1.0.3.tgz#722d7cbfc1f6aa8241f16dd814e011e1f41e8796"
  integrity sha512-f2dvO0VU6Oej7RkWJGrehjbzMAjFp5/VKPp5tTpWIV4JHHZK1/BxbFRtf/siA2SWTe09caDmVtYYzWEIbBS4zw==
  dependencies:
    function-bind "^1.1.1"

is-arguments@^1.0.4:
  version "1.0.4"
  resolved "https://registry.yarnpkg.com/is-arguments/-/is-arguments-1.0.4.tgz#3faf966c7cba0ff437fb31f6250082fcf0448cf3"
  integrity sha512-xPh0Rmt8NE65sNzvyUmWgI1tz3mKq74lGA0mL8LYZcoIzKOzDh6HmrYm3d18k60nHerC8A9Km8kYu87zfSFnLA==

is-bigint@^1.0.0:
  version "1.0.0"
  resolved "https://registry.yarnpkg.com/is-bigint/-/is-bigint-1.0.0.tgz#73da8c33208d00f130e9b5e15d23eac9215601c4"
  integrity sha512-t5mGUXC/xRheCK431ylNiSkGGpBp8bHENBcENTkDT6ppwPzEVxNGZRvgvmOEfbWkFhA7D2GEuE2mmQTr78sl2g==

is-boolean-object@^1.0.0:
  version "1.0.1"
  resolved "https://registry.yarnpkg.com/is-boolean-object/-/is-boolean-object-1.0.1.tgz#10edc0900dd127697a92f6f9807c7617d68ac48e"
  integrity sha512-TqZuVwa/sppcrhUCAYkGBk7w0yxfQQnxq28fjkO53tnK9FQXmdwz2JS5+GjsWQ6RByES1K40nI+yDic5c9/aAQ==

is-callable@^1.1.4, is-callable@^1.1.5:
  version "1.1.5"
  resolved "https://registry.yarnpkg.com/is-callable/-/is-callable-1.1.5.tgz#f7e46b596890456db74e7f6e976cb3273d06faab"
  integrity sha512-ESKv5sMCJB2jnHTWZ3O5itG+O128Hsus4K4Qh1h2/cgn2vbgnLSVqfV46AeJA9D5EeeLa9w81KUXMtn34zhX+Q==

is-date-object@^1.0.1:
  version "1.0.2"
  resolved "https://registry.yarnpkg.com/is-date-object/-/is-date-object-1.0.2.tgz#bda736f2cd8fd06d32844e7743bfa7494c3bfd7e"
  integrity sha512-USlDT524woQ08aoZFzh3/Z6ch9Y/EWXEHQ/AaRN0SkKq4t2Jw2R2339tSXmwuVoY7LLlBCbOIlx2myP/L5zk0g==

is-map@^2.0.1:
  version "2.0.1"
  resolved "https://registry.yarnpkg.com/is-map/-/is-map-2.0.1.tgz#520dafc4307bb8ebc33b813de5ce7c9400d644a1"
  integrity sha512-T/S49scO8plUiAOA2DBTBG3JHpn1yiw0kRp6dgiZ0v2/6twi5eiB0rHtHFH9ZIrvlWc6+4O+m4zg5+Z833aXgw==

is-number-object@^1.0.3:
  version "1.0.4"
  resolved "https://registry.yarnpkg.com/is-number-object/-/is-number-object-1.0.4.tgz#36ac95e741cf18b283fc1ddf5e83da798e3ec197"
  integrity sha512-zohwelOAur+5uXtk8O3GPQ1eAcu4ZX3UwxQhUlfFFMNpUd83gXgjbhJh6HmB6LUNV/ieOLQuDwJO3dWJosUeMw==

is-regex@^1.0.4, is-regex@^1.0.5:
  version "1.0.5"
  resolved "https://registry.yarnpkg.com/is-regex/-/is-regex-1.0.5.tgz#39d589a358bf18967f726967120b8fc1aed74eae"
  integrity sha512-vlKW17SNq44owv5AQR3Cq0bQPEb8+kF3UKZ2fiZNOWtztYE5i0CzCZxFDwO58qAOWtxdBRVO/V5Qin1wjCqFYQ==
  dependencies:
    has "^1.0.3"

is-set@^2.0.1:
  version "2.0.1"
  resolved "https://registry.yarnpkg.com/is-set/-/is-set-2.0.1.tgz#d1604afdab1724986d30091575f54945da7e5f43"
  integrity sha512-eJEzOtVyenDs1TMzSQ3kU3K+E0GUS9sno+F0OBT97xsgcJsF9nXMBtkT9/kut5JEpM7oL7X/0qxR17K3mcwIAA==

is-string@^1.0.4, is-string@^1.0.5:
  version "1.0.5"
  resolved "https://registry.yarnpkg.com/is-string/-/is-string-1.0.5.tgz#40493ed198ef3ff477b8c7f92f644ec82a5cd3a6"
  integrity sha512-buY6VNRjhQMiF1qWDouloZlQbRhDPCebwxSjxMjxgemYT46YMd2NR0/H+fBhEfWX4A/w9TBJ+ol+okqJKFE6vQ==

is-symbol@^1.0.2:
  version "1.0.3"
  resolved "https://registry.yarnpkg.com/is-symbol/-/is-symbol-1.0.3.tgz#38e1014b9e6329be0de9d24a414fd7441ec61937"
  integrity sha512-OwijhaRSgqvhm/0ZdAcXNZt9lYdKFpcRDT5ULUuYXPoT794UNOdU+gpT6Rzo7b4V2HUl/op6GqY894AZwv9faQ==
  dependencies:
    has-symbols "^1.0.1"

is-weakmap@^2.0.1:
  version "2.0.1"
  resolved "https://registry.yarnpkg.com/is-weakmap/-/is-weakmap-2.0.1.tgz#5008b59bdc43b698201d18f62b37b2ca243e8cf2"
  integrity sha512-NSBR4kH5oVj1Uwvv970ruUkCV7O1mzgVFO4/rev2cLRda9Tm9HrL70ZPut4rOHgY0FNrUu9BCbXA2sdQ+x0chA==

is-weakset@^2.0.1:
  version "2.0.1"
  resolved "https://registry.yarnpkg.com/is-weakset/-/is-weakset-2.0.1.tgz#e9a0af88dbd751589f5e50d80f4c98b780884f83"
  integrity sha512-pi4vhbhVHGLxohUw7PhGsueT4vRGFoXhP7+RGN0jKIv9+8PWYCQTqtADngrxOm2g46hoH0+g8uZZBzMrvVGDmw==

isarray@^2.0.5:
  version "2.0.5"
  resolved "https://registry.yarnpkg.com/isarray/-/isarray-2.0.5.tgz#8af1e4c1221244cc62459faf38940d4e644a5723"
  integrity sha512-xHjhDr3cNBK0BzdUJSPXZntQUx/mwMS5Rw4A7lPJ90XGAO6ISP/ePDNuo0vhqOZU+UD5JoodwCAAoZQd3FeAKw==

lodash@^4.17.15:
  version "4.17.15"
  resolved "https://registry.yarnpkg.com/lodash/-/lodash-4.17.15.tgz#b447f6670a0455bbfeedd11392eff330ea097548"
  integrity sha512-8xOcRHvCjnocdS5cpwXQXVzmmh5e5+saE2QGoeQmbKmRS6J3VQppPOIt0MnmE+4xlZoumy0GPG0D0MVIQbNA1A==

lunr@^2.3.5:
  version "2.3.6"
  resolved "https://registry.yarnpkg.com/lunr/-/lunr-2.3.6.tgz#f278beee7ffd56ad86e6e478ce02ab2b98c78dd5"
  integrity sha512-swStvEyDqQ85MGpABCMBclZcLI/pBIlu8FFDtmX197+oEgKloJ67QnB+Tidh0340HmLMs39c4GrkPY3cmkXp6Q==

nanoid@^2.1.0:
  version "2.1.0"
  resolved "https://registry.yarnpkg.com/nanoid/-/nanoid-2.1.0.tgz#3de3dbd68cfb2f3bd52550e2bfd439cf75040eb2"
  integrity sha512-g5WwS+p6Cm+zQhO2YOpRbQThZVnNb7DDq74h8YDCLfAGynrEOrbx2E16dc8ciENiP1va5sqaAruqn2sN+xpkWg==

object-inspect@^1.7.0:
  version "1.7.0"
  resolved "https://registry.yarnpkg.com/object-inspect/-/object-inspect-1.7.0.tgz#f4f6bd181ad77f006b5ece60bd0b6f398ff74a67"
  integrity sha512-a7pEHdh1xKIAgTySUGgLMx/xwDZskN1Ud6egYYN3EdRW4ZMPNEDUTF+hwy2LUC+Bl+SyLXANnwz/jyh/qutKUw==

object-is@^1.0.1:
  version "1.0.2"
  resolved "https://registry.yarnpkg.com/object-is/-/object-is-1.0.2.tgz#6b80eb84fe451498f65007982f035a5b445edec4"
  integrity sha512-Epah+btZd5wrrfjkJZq1AOB9O6OxUQto45hzFd7lXGrpHPGE0W1k+426yrZV+k6NJOzLNNW/nVsmZdIWsAqoOQ==

object-keys@^1.0.11, object-keys@^1.0.12, object-keys@^1.1.1:
  version "1.1.1"
  resolved "https://registry.yarnpkg.com/object-keys/-/object-keys-1.1.1.tgz#1c47f272df277f3b1daf061677d9c82e2322c60e"
  integrity sha512-NuAESUOUMrlIXOfHKzD6bpPu3tYt3xvjNdRIQ+FeT0lNb4K8WR70CaDxhuNguS2XG+GjkyMwOzsN5ZktImfhLA==

object.assign@^4.1.0:
  version "4.1.0"
  resolved "https://registry.yarnpkg.com/object.assign/-/object.assign-4.1.0.tgz#968bf1100d7956bb3ca086f006f846b3bc4008da"
  integrity sha512-exHJeq6kBKj58mqGyTQ9DFvrZC/eR6OwxzoM9YRoGBqrXYonaFyGiFMuc9VZrXf7DarreEwMpurG3dd+CNyW5w==
  dependencies:
    define-properties "^1.1.2"
    function-bind "^1.1.1"
    has-symbols "^1.0.0"
    object-keys "^1.0.11"

regexp.prototype.flags@^1.2.0:
  version "1.3.0"
  resolved "https://registry.yarnpkg.com/regexp.prototype.flags/-/regexp.prototype.flags-1.3.0.tgz#7aba89b3c13a64509dabcf3ca8d9fbb9bdf5cb75"
  integrity sha512-2+Q0C5g951OlYlJz6yu5/M33IcsESLlLfsyIaLJaG4FA2r4yP8MvVMJUUP/fVBkSpbbbZlS5gynbEWLipiiXiQ==
  dependencies:
    define-properties "^1.1.3"
    es-abstract "^1.17.0-next.1"

regexparam@^1.3.0:
  version "1.3.0"
  resolved "https://registry.yarnpkg.com/regexparam/-/regexparam-1.3.0.tgz#2fe42c93e32a40eff6235d635e0ffa344b92965f"
  integrity sha512-6IQpFBv6e5vz1QAqI+V4k8P2e/3gRrqfCJ9FI+O1FLQTO+Uz6RXZEZOPmTJ6hlGj7gkERzY5BRCv09whKP96/g==

shortid@^2.2.8:
  version "2.2.15"
  resolved "https://registry.yarnpkg.com/shortid/-/shortid-2.2.15.tgz#2b902eaa93a69b11120373cd42a1f1fe4437c122"
  integrity sha512-5EaCy2mx2Jgc/Fdn9uuDuNIIfWBpzY4XIlhoqtXF6qsf+/+SGZ+FxDdX/ZsMZiWupIWNqAEmiNY4RC+LSmCeOw==
  dependencies:
    nanoid "^2.1.0"

side-channel@^1.0.1:
  version "1.0.2"
  resolved "https://registry.yarnpkg.com/side-channel/-/side-channel-1.0.2.tgz#df5d1abadb4e4bf4af1cd8852bf132d2f7876947"
  integrity sha512-7rL9YlPHg7Ancea1S96Pa8/QWb4BtXL/TZvS6B8XFetGBeuhAsfmUspK6DokBeZ64+Kj9TCNRD/30pVz1BvQNA==
  dependencies:
    es-abstract "^1.17.0-next.1"
    object-inspect "^1.7.0"

string.prototype.trimleft@^2.1.1:
  version "2.1.1"
  resolved "https://registry.yarnpkg.com/string.prototype.trimleft/-/string.prototype.trimleft-2.1.1.tgz#9bdb8ac6abd6d602b17a4ed321870d2f8dcefc74"
  integrity sha512-iu2AGd3PuP5Rp7x2kEZCrB2Nf41ehzh+goo8TV7z8/XDBbsvc6HQIlUl9RjkZ4oyrW1XM5UwlGl1oVEaDjg6Ag==
  dependencies:
    define-properties "^1.1.3"
    function-bind "^1.1.1"

string.prototype.trimright@^2.1.1:
  version "2.1.1"
  resolved "https://registry.yarnpkg.com/string.prototype.trimright/-/string.prototype.trimright-2.1.1.tgz#440314b15996c866ce8a0341894d45186200c5d9"
  integrity sha512-qFvWL3/+QIgZXVmJBfpHmxLB7xsUXz6HsUmP8+5dRaC3Q7oKUv9Vo6aMCRZC1smrtyECFsIT30PqBJ1gTjAs+g==
  dependencies:
    define-properties "^1.1.3"
    function-bind "^1.1.1"

svelte@^3.9.2:
  version "3.12.1"
  resolved "https://registry.yarnpkg.com/svelte/-/svelte-3.12.1.tgz#ddfacd43272ac3255907c682b74ee7d3d8b06b0c"
  integrity sha512-t29WJNjHIqfrdMcVXqIyRfgLEaNz7MihKXTpb8qHlbzvf0WyOOIhIlwIGvl6ahJ9+9CLJwz0sjhFNAmPgo8BHg==

which-boxed-primitive@^1.0.1:
  version "1.0.1"
  resolved "https://registry.yarnpkg.com/which-boxed-primitive/-/which-boxed-primitive-1.0.1.tgz#cbe8f838ebe91ba2471bb69e9edbda67ab5a5ec1"
  integrity sha512-7BT4TwISdDGBgaemWU0N0OU7FeAEJ9Oo2P1PHRm/FCWoEi2VLWC9b6xvxAA3C/NMpxg3HXVgi0sMmGbNUbNepQ==
  dependencies:
    is-bigint "^1.0.0"
    is-boolean-object "^1.0.0"
    is-number-object "^1.0.3"
    is-string "^1.0.4"
    is-symbol "^1.0.2"

which-collection@^1.0.0:
  version "1.0.1"
  resolved "https://registry.yarnpkg.com/which-collection/-/which-collection-1.0.1.tgz#70eab71ebbbd2aefaf32f917082fc62cdcb70906"
  integrity sha512-W8xeTUwaln8i3K/cY1nGXzdnVZlidBcagyNFtBdD5kxnb4TvGKR7FfSIS3mYpwWS1QUCutfKz8IY8RjftB0+1A==
  dependencies:
    is-map "^2.0.1"
    is-set "^2.0.1"
    is-weakmap "^2.0.1"
    is-weakset "^2.0.1"
