# THIS IS AN AUTOGENERATED FILE. DO NOT EDIT THIS FILE DIRECTLY.
# yarn lockfile v1


"@budibase/client@file:../../../client":
  version "0.0.16"
  dependencies:
    "@nx-js/compiler-util" "^2.0.0"
    bcryptjs "^2.4.3"
    lodash "^4.17.15"
    lunr "^2.3.5"
    shortid "^2.2.8"
    svelte "^3.9.2"

"@budibase/standard-components@file:../../../standard-components":
  version "0.0.16"

"@nx-js/compiler-util@^2.0.0":
  version "2.0.0"
  resolved "https://registry.yarnpkg.com/@nx-js/compiler-util/-/compiler-util-2.0.0.tgz#c74c12165fa2f017a292bb79af007e8fce0af297"
  integrity sha512-AxSQbwj9zqt8DYPZ6LwZdytqnwfiOEdcFdq4l8sdjkZmU2clTht7RDLCI8xvkp7KqgcNaOGlTeCM55TULWruyQ==

bcryptjs@^2.4.3:
  version "2.4.3"
  resolved "https://registry.yarnpkg.com/bcryptjs/-/bcryptjs-2.4.3.tgz#9ab5627b93e60621ff7cdac5da9733027df1d0cb"
  integrity sha1-mrVie5PmBiH/fNrF2pczAn3x0Ms=

lodash@^4.17.15:
  version "4.17.15"
  resolved "https://registry.yarnpkg.com/lodash/-/lodash-4.17.15.tgz#b447f6670a0455bbfeedd11392eff330ea097548"
  integrity sha512-8xOcRHvCjnocdS5cpwXQXVzmmh5e5+saE2QGoeQmbKmRS6J3VQppPOIt0MnmE+4xlZoumy0GPG0D0MVIQbNA1A==

lunr@^2.3.5:
  version "2.3.6"
  resolved "https://registry.yarnpkg.com/lunr/-/lunr-2.3.6.tgz#f278beee7ffd56ad86e6e478ce02ab2b98c78dd5"
  integrity sha512-swStvEyDqQ85MGpABCMBclZcLI/pBIlu8FFDtmX197+oEgKloJ67QnB+Tidh0340HmLMs39c4GrkPY3cmkXp6Q==

nanoid@^2.1.0:
  version "2.1.0"
  resolved "https://registry.yarnpkg.com/nanoid/-/nanoid-2.1.0.tgz#3de3dbd68cfb2f3bd52550e2bfd439cf75040eb2"
  integrity sha512-g5WwS+p6Cm+zQhO2YOpRbQThZVnNb7DDq74h8YDCLfAGynrEOrbx2E16dc8ciENiP1va5sqaAruqn2sN+xpkWg==

shortid@^2.2.8:
  version "2.2.15"
  resolved "https://registry.yarnpkg.com/shortid/-/shortid-2.2.15.tgz#2b902eaa93a69b11120373cd42a1f1fe4437c122"
  integrity sha512-5EaCy2mx2Jgc/Fdn9uuDuNIIfWBpzY4XIlhoqtXF6qsf+/+SGZ+FxDdX/ZsMZiWupIWNqAEmiNY4RC+LSmCeOw==
  dependencies:
    nanoid "^2.1.0"

svelte@^3.9.2:
  version "3.12.1"
  resolved "https://registry.yarnpkg.com/svelte/-/svelte-3.12.1.tgz#ddfacd43272ac3255907c682b74ee7d3d8b06b0c"
  integrity sha512-t29WJNjHIqfrdMcVXqIyRfgLEaNz7MihKXTpb8qHlbzvf0WyOOIhIlwIGvl6ahJ9+9CLJwz0sjhFNAmPgo8BHg==
